// !$*UTF8*$!
{
	archiveVersion = 1;
	classes = {
	};
	objectVersion = 56;
	objects = {

/* Begin PBXBuildFile section */
		431B81CDF2FE5435A3B307F6 /* Pods_NHLSimulatorApp.framework in Frameworks */ = {isa = PBXBuildFile; fileRef = 8E22CBCBB5260D4F63C09B8A /* Pods_NHLSimulatorApp.framework */; };
		481537522C40B0D0002A0FBF /* SDWebImageSVGCoder in Frameworks */ = {isa = PBXBuildFile; productRef = 481537512C40B0D0002A0FBF /* SDWebImageSVGCoder */; };
		481537552C40B0F0002A0FBF /* SDWebImageSwiftUI in Frameworks */ = {isa = PBXBuildFile; productRef = 481537542C40B0F0002A0FBF /* SDWebImageSwiftUI */; };
		481537572C4603AC002A0FBF /* Enums.swift in Sources */ = {isa = PBXBuildFile; fileRef = 481537562C4603AC002A0FBF /* Enums.swift */; };
		4815375A2C46070C002A0FBF /* Localizable.strings in Resources */ = {isa = PBXBuildFile; fileRef = 4815375C2C46070C002A0FBF /* Localizable.strings */; };
		481537632C4710E9002A0FBF /* MainSimViewModel.swift in Sources */ = {isa = PBXBuildFile; fileRef = 481537622C4710E9002A0FBF /* MainSimViewModel.swift */; };
		481537652C475D4A002A0FBF /* Design.swift in Sources */ = {isa = PBXBuildFile; fileRef = 481537642C475D4A002A0FBF /* Design.swift */; };
		481537672C4764AE002A0FBF /* TeamDropDownMenuView.swift in Sources */ = {isa = PBXBuildFile; fileRef = 481537662C4764AE002A0FBF /* TeamDropDownMenuView.swift */; };
		4815376B2C48768E002A0FBF /* CalendarView.swift in Sources */ = {isa = PBXBuildFile; fileRef = 4815376A2C48768E002A0FBF /* CalendarView.swift */; };
		4815376F2C56BA80002A0FBF /* SimulationState.swift in Sources */ = {isa = PBXBuildFile; fileRef = 4815376E2C56BA80002A0FBF /* SimulationState.swift */; };
		481537762C6088BB002A0FBF /* CorePlayerLineupService.swift in Sources */ = {isa = PBXBuildFile; fileRef = 481537752C6088BA002A0FBF /* CorePlayerLineupService.swift */; };
		481537782C6169C4002A0FBF /* TeamStandingsView.swift in Sources */ = {isa = PBXBuildFile; fileRef = 481537772C6169C4002A0FBF /* TeamStandingsView.swift */; };
		4815377A2C6169D0002A0FBF /* PlayerStatsView.swift in Sources */ = {isa = PBXBuildFile; fileRef = 481537792C6169D0002A0FBF /* PlayerStatsView.swift */; };
		4815377C2C6169DB002A0FBF /* EditRostersView.swift in Sources */ = {isa = PBXBuildFile; fileRef = 4815377B2C6169DB002A0FBF /* EditRostersView.swift */; };
		4815377E2C6169E5002A0FBF /* EditLineupsView.swift in Sources */ = {isa = PBXBuildFile; fileRef = 4815377D2C6169E5002A0FBF /* EditLineupsView.swift */; };
		481537802C616A83002A0FBF /* TeamStandingsViewModel.swift in Sources */ = {isa = PBXBuildFile; fileRef = 4815377F2C616A83002A0FBF /* TeamStandingsViewModel.swift */; };
		481537822C616A93002A0FBF /* PlayerStatsViewModel.swift in Sources */ = {isa = PBXBuildFile; fileRef = 481537812C616A93002A0FBF /* PlayerStatsViewModel.swift */; };
		481537842C616A9E002A0FBF /* EditRostersViewModel.swift in Sources */ = {isa = PBXBuildFile; fileRef = 481537832C616A9E002A0FBF /* EditRostersViewModel.swift */; };
		481537862C616AA8002A0FBF /* EditLineupsViewModel.swift in Sources */ = {isa = PBXBuildFile; fileRef = 481537852C616AA8002A0FBF /* EditLineupsViewModel.swift */; };
		481537882C618B2F002A0FBF /* PlayerSortableStatsGridView.swift in Sources */ = {isa = PBXBuildFile; fileRef = 481537872C618B2F002A0FBF /* PlayerSortableStatsGridView.swift */; };
		4815378A2C62C17C002A0FBF /* TeamSortableStatsGridView.swift in Sources */ = {isa = PBXBuildFile; fileRef = 481537892C62C17C002A0FBF /* TeamSortableStatsGridView.swift */; };
		4815378C2C62C1C2002A0FBF /* GridHeaderView.swift in Sources */ = {isa = PBXBuildFile; fileRef = 4815378B2C62C1C2002A0FBF /* GridHeaderView.swift */; };
		4815378E2C633F47002A0FBF /* PlayerDetailsView.swift in Sources */ = {isa = PBXBuildFile; fileRef = 4815378D2C633F47002A0FBF /* PlayerDetailsView.swift */; };
		481537902C64077D002A0FBF /* PlayerDetailsViewModel.swift in Sources */ = {isa = PBXBuildFile; fileRef = 4815378F2C64077D002A0FBF /* PlayerDetailsViewModel.swift */; };
		481537922C641098002A0FBF /* ScreenHeaderView.swift in Sources */ = {isa = PBXBuildFile; fileRef = 481537912C641098002A0FBF /* ScreenHeaderView.swift */; };
		481537942C643D20002A0FBF /* PlayerStatsGridView.swift in Sources */ = {isa = PBXBuildFile; fileRef = 481537932C643D20002A0FBF /* PlayerStatsGridView.swift */; };
		48DCAC0A2C3CF27A000CEBB3 /* SimulationTeamStatsData.swift in Sources */ = {isa = PBXBuildFile; fileRef = 48DCAC092C3CF27A000CEBB3 /* SimulationTeamStatsData.swift */; };
		48DCAC0C2C3CF28B000CEBB3 /* SimulationGameStatsData.swift in Sources */ = {isa = PBXBuildFile; fileRef = 48DCAC0B2C3CF28B000CEBB3 /* SimulationGameStatsData.swift */; };
		48DCAC0E2C3CF2A1000CEBB3 /* SimulationTeamStatsService.swift in Sources */ = {isa = PBXBuildFile; fileRef = 48DCAC0D2C3CF2A1000CEBB3 /* SimulationTeamStatsService.swift */; };
		48DCAC102C3CF2AC000CEBB3 /* SimulationGameStatsService.swift in Sources */ = {isa = PBXBuildFile; fileRef = 48DCAC0F2C3CF2AC000CEBB3 /* SimulationGameStatsService.swift */; };
		48DCAC122C3DECB9000CEBB3 /* UserDefaultsManager.swift in Sources */ = {isa = PBXBuildFile; fileRef = 48DCAC112C3DECB9000CEBB3 /* UserDefaultsManager.swift */; };
		48DCAC152C3DFBA1000CEBB3 /* NHLSimulatorAppModel.xcdatamodeld in Sources */ = {isa = PBXBuildFile; fileRef = 48DCAC132C3DFBA1000CEBB3 /* NHLSimulatorAppModel.xcdatamodeld */; };
		48DCAC172C3DFC16000CEBB3 /* CoreDataManager.swift in Sources */ = {isa = PBXBuildFile; fileRef = 48DCAC162C3DFC16000CEBB3 /* CoreDataManager.swift */; };
		48DCAC192C3E08F8000CEBB3 /* CorePlayersService.swift in Sources */ = {isa = PBXBuildFile; fileRef = 48DCAC182C3E08F8000CEBB3 /* CorePlayersService.swift */; };
		48DCAC1B2C3E0904000CEBB3 /* CoreLineupsService.swift in Sources */ = {isa = PBXBuildFile; fileRef = 48DCAC1A2C3E0904000CEBB3 /* CoreLineupsService.swift */; };
		48DCAC1E2C3E2AD5000CEBB3 /* MainSimView.swift in Sources */ = {isa = PBXBuildFile; fileRef = 48DCAC1D2C3E2AD5000CEBB3 /* MainSimView.swift */; };
		48DCAC202C3E2B5C000CEBB3 /* UserInfo.swift in Sources */ = {isa = PBXBuildFile; fileRef = 48DCAC1F2C3E2B5C000CEBB3 /* UserInfo.swift */; };
		48DCAC222C3F8C48000CEBB3 /* UserSetupView.swift in Sources */ = {isa = PBXBuildFile; fileRef = 48DCAC212C3F8C48000CEBB3 /* UserSetupView.swift */; };
		48DCAC242C404D50000CEBB3 /* AppStyle.swift in Sources */ = {isa = PBXBuildFile; fileRef = 48DCAC232C404D50000CEBB3 /* AppStyle.swift */; };
		48DCAC262C4064DD000CEBB3 /* UserSetupViewModel.swift in Sources */ = {isa = PBXBuildFile; fileRef = 48DCAC252C4064DD000CEBB3 /* UserSetupViewModel.swift */; };
		48DCF3482C36230E0079AB67 /* NetworkManager.swift in Sources */ = {isa = PBXBuildFile; fileRef = 48DCF3472C36230E0079AB67 /* NetworkManager.swift */; };
		48DCF34A2C3632DA0079AB67 /* Endpoint.swift in Sources */ = {isa = PBXBuildFile; fileRef = 48DCF3492C3632DA0079AB67 /* Endpoint.swift */; };
		48DCF34F2C373E5F0079AB67 /* SimulationsService.swift in Sources */ = {isa = PBXBuildFile; fileRef = 48DCF34E2C373E5F0079AB67 /* SimulationsService.swift */; };
		48DCF3512C373EAD0079AB67 /* EndpointEnums.swift in Sources */ = {isa = PBXBuildFile; fileRef = 48DCF3502C373EAD0079AB67 /* EndpointEnums.swift */; };
		48DCF3542C37810A0079AB67 /* SimulationData.swift in Sources */ = {isa = PBXBuildFile; fileRef = 48DCF3532C37810A0079AB67 /* SimulationData.swift */; };
		48DCF3592C3787D10079AB67 /* UsersService.swift in Sources */ = {isa = PBXBuildFile; fileRef = 48DCF3582C3787D10079AB67 /* UsersService.swift */; };
		48DCF35B2C3787E40079AB67 /* UserData.swift in Sources */ = {isa = PBXBuildFile; fileRef = 48DCF35A2C3787E40079AB67 /* UserData.swift */; };
		48DCF35D2C378E840079AB67 /* ScheduleData.swift in Sources */ = {isa = PBXBuildFile; fileRef = 48DCF35C2C378E840079AB67 /* ScheduleData.swift */; };
		48DCF35F2C378E930079AB67 /* SchedulesService.swift in Sources */ = {isa = PBXBuildFile; fileRef = 48DCF35E2C378E930079AB67 /* SchedulesService.swift */; };
		48DCF3612C3790550079AB67 /* TeamData.swift in Sources */ = {isa = PBXBuildFile; fileRef = 48DCF3602C3790550079AB67 /* TeamData.swift */; };
		48DCF3632C3790710079AB67 /* TeamsService.swift in Sources */ = {isa = PBXBuildFile; fileRef = 48DCF3622C3790710079AB67 /* TeamsService.swift */; };
		48DCF3652C3791AC0079AB67 /* PlayerData.swift in Sources */ = {isa = PBXBuildFile; fileRef = 48DCF3642C3791AC0079AB67 /* PlayerData.swift */; };
		48DCF3672C3791C30079AB67 /* SkaterStatsData.swift in Sources */ = {isa = PBXBuildFile; fileRef = 48DCF3662C3791C30079AB67 /* SkaterStatsData.swift */; };
		48DCF36B2C3791F20079AB67 /* PlayersService.swift in Sources */ = {isa = PBXBuildFile; fileRef = 48DCF36A2C3791F20079AB67 /* PlayersService.swift */; };
		48DCF36D2C3791FF0079AB67 /* SkaterStatsService.swift in Sources */ = {isa = PBXBuildFile; fileRef = 48DCF36C2C3791FF0079AB67 /* SkaterStatsService.swift */; };
		48DCF3712C3799E30079AB67 /* GoalieStatsData.swift in Sources */ = {isa = PBXBuildFile; fileRef = 48DCF3702C3799E30079AB67 /* GoalieStatsData.swift */; };
		48DCF3752C379A1E0079AB67 /* GoalieStatsService.swift in Sources */ = {isa = PBXBuildFile; fileRef = 48DCF3742C379A1E0079AB67 /* GoalieStatsService.swift */; };
		48DCF3792C3849600079AB67 /* LineupData.swift in Sources */ = {isa = PBXBuildFile; fileRef = 48DCF3782C3849600079AB67 /* LineupData.swift */; };
		48DCF37B2C384A0A0079AB67 /* LineupsService.swift in Sources */ = {isa = PBXBuildFile; fileRef = 48DCF37A2C384A0A0079AB67 /* LineupsService.swift */; };
		48DCF37D2C3853FA0079AB67 /* SimulationSkaterStatsData.swift in Sources */ = {isa = PBXBuildFile; fileRef = 48DCF37C2C3853FA0079AB67 /* SimulationSkaterStatsData.swift */; };
		48DCF37F2C3854090079AB67 /* SimulationGoalieStatsData.swift in Sources */ = {isa = PBXBuildFile; fileRef = 48DCF37E2C3854090079AB67 /* SimulationGoalieStatsData.swift */; };
		48DCF3812C3856610079AB67 /* SimulationSkaterStatsService.swift in Sources */ = {isa = PBXBuildFile; fileRef = 48DCF3802C3856610079AB67 /* SimulationSkaterStatsService.swift */; };
		48DCF3832C38566E0079AB67 /* SimulationGoalieStatsService.swift in Sources */ = {isa = PBXBuildFile; fileRef = 48DCF3822C38566E0079AB67 /* SimulationGoalieStatsService.swift */; };
		48F5395A2C06D6A1008DAECE /* NHLSimulatorApp.swift in Sources */ = {isa = PBXBuildFile; fileRef = 48F539592C06D6A1008DAECE /* NHLSimulatorApp.swift */; };
		48F5395C2C06D6A1008DAECE /* LaunchView.swift in Sources */ = {isa = PBXBuildFile; fileRef = 48F5395B2C06D6A1008DAECE /* LaunchView.swift */; };
		48F5395E2C06D6A5008DAECE /* Assets.xcassets in Resources */ = {isa = PBXBuildFile; fileRef = 48F5395D2C06D6A5008DAECE /* Assets.xcassets */; };
		48F5396B2C06D6A6008DAECE /* NHLSimulatorAppTests.swift in Sources */ = {isa = PBXBuildFile; fileRef = 48F5396A2C06D6A6008DAECE /* NHLSimulatorAppTests.swift */; };
		48F539752C06D6A6008DAECE /* NHLSimulatorAppUITests.swift in Sources */ = {isa = PBXBuildFile; fileRef = 48F539742C06D6A6008DAECE /* NHLSimulatorAppUITests.swift */; };
		48F539772C06D6A6008DAECE /* NHLSimulatorAppUITestsLaunchTests.swift in Sources */ = {isa = PBXBuildFile; fileRef = 48F539762C06D6A6008DAECE /* NHLSimulatorAppUITestsLaunchTests.swift */; };
		96BF9E8A1F8AD010B47D9E47 /* Pods_NHLSimulatorAppTests.framework in Frameworks */ = {isa = PBXBuildFile; fileRef = 5E040B321F13CFD59C954923 /* Pods_NHLSimulatorAppTests.framework */; };
/* End PBXBuildFile section */

/* Begin PBXContainerItemProxy section */
		48F539672C06D6A6008DAECE /* PBXContainerItemProxy */ = {
			isa = PBXContainerItemProxy;
			containerPortal = 48F5394E2C06D6A1008DAECE /* Project object */;
			proxyType = 1;
			remoteGlobalIDString = 48F539552C06D6A1008DAECE;
			remoteInfo = NHLSimulatorApp;
		};
		48F539712C06D6A6008DAECE /* PBXContainerItemProxy */ = {
			isa = PBXContainerItemProxy;
			containerPortal = 48F5394E2C06D6A1008DAECE /* Project object */;
			proxyType = 1;
			remoteGlobalIDString = 48F539552C06D6A1008DAECE;
			remoteInfo = NHLSimulatorApp;
		};
/* End PBXContainerItemProxy section */

/* Begin PBXFileReference section */
		481537562C4603AC002A0FBF /* Enums.swift */ = {isa = PBXFileReference; lastKnownFileType = sourcecode.swift; path = Enums.swift; sourceTree = "<group>"; };
		4815375B2C46070C002A0FBF /* en */ = {isa = PBXFileReference; lastKnownFileType = text.plist.strings; name = en; path = en.lproj/Localizable.strings; sourceTree = "<group>"; };
		481537622C4710E9002A0FBF /* MainSimViewModel.swift */ = {isa = PBXFileReference; lastKnownFileType = sourcecode.swift; path = MainSimViewModel.swift; sourceTree = "<group>"; };
		481537642C475D4A002A0FBF /* Design.swift */ = {isa = PBXFileReference; lastKnownFileType = sourcecode.swift; path = Design.swift; sourceTree = "<group>"; };
		481537662C4764AE002A0FBF /* TeamDropDownMenuView.swift */ = {isa = PBXFileReference; lastKnownFileType = sourcecode.swift; path = TeamDropDownMenuView.swift; sourceTree = "<group>"; };
		4815376A2C48768E002A0FBF /* CalendarView.swift */ = {isa = PBXFileReference; lastKnownFileType = sourcecode.swift; path = CalendarView.swift; sourceTree = "<group>"; };
		4815376E2C56BA80002A0FBF /* SimulationState.swift */ = {isa = PBXFileReference; lastKnownFileType = sourcecode.swift; path = SimulationState.swift; sourceTree = "<group>"; };
		481537722C5899FA002A0FBF /* NHLSimulatorApp.app */ = {isa = PBXFileReference; explicitFileType = wrapper.application; includeInIndex = 0; path = NHLSimulatorApp.app; sourceTree = BUILT_PRODUCTS_DIR; };
		481537732C5899FA002A0FBF /* NHLSimulatorAppTests.xctest */ = {isa = PBXFileReference; explicitFileType = wrapper.cfbundle; includeInIndex = 0; path = NHLSimulatorAppTests.xctest; sourceTree = BUILT_PRODUCTS_DIR; };
		481537742C5899FA002A0FBF /* NHLSimulatorAppUITests.xctest */ = {isa = PBXFileReference; explicitFileType = wrapper.cfbundle; includeInIndex = 0; path = NHLSimulatorAppUITests.xctest; sourceTree = BUILT_PRODUCTS_DIR; };
		481537752C6088BA002A0FBF /* CorePlayerLineupService.swift */ = {isa = PBXFileReference; lastKnownFileType = sourcecode.swift; path = CorePlayerLineupService.swift; sourceTree = "<group>"; };
		481537772C6169C4002A0FBF /* TeamStandingsView.swift */ = {isa = PBXFileReference; lastKnownFileType = sourcecode.swift; path = TeamStandingsView.swift; sourceTree = "<group>"; };
		481537792C6169D0002A0FBF /* PlayerStatsView.swift */ = {isa = PBXFileReference; lastKnownFileType = sourcecode.swift; path = PlayerStatsView.swift; sourceTree = "<group>"; };
		4815377B2C6169DB002A0FBF /* EditRostersView.swift */ = {isa = PBXFileReference; lastKnownFileType = sourcecode.swift; path = EditRostersView.swift; sourceTree = "<group>"; };
		4815377D2C6169E5002A0FBF /* EditLineupsView.swift */ = {isa = PBXFileReference; lastKnownFileType = sourcecode.swift; path = EditLineupsView.swift; sourceTree = "<group>"; };
		4815377F2C616A83002A0FBF /* TeamStandingsViewModel.swift */ = {isa = PBXFileReference; lastKnownFileType = sourcecode.swift; path = TeamStandingsViewModel.swift; sourceTree = "<group>"; };
		481537812C616A93002A0FBF /* PlayerStatsViewModel.swift */ = {isa = PBXFileReference; lastKnownFileType = sourcecode.swift; path = PlayerStatsViewModel.swift; sourceTree = "<group>"; };
		481537832C616A9E002A0FBF /* EditRostersViewModel.swift */ = {isa = PBXFileReference; lastKnownFileType = sourcecode.swift; path = EditRostersViewModel.swift; sourceTree = "<group>"; };
		481537852C616AA8002A0FBF /* EditLineupsViewModel.swift */ = {isa = PBXFileReference; lastKnownFileType = sourcecode.swift; path = EditLineupsViewModel.swift; sourceTree = "<group>"; };
		481537872C618B2F002A0FBF /* PlayerSortableStatsGridView.swift */ = {isa = PBXFileReference; lastKnownFileType = sourcecode.swift; path = PlayerSortableStatsGridView.swift; sourceTree = "<group>"; };
		481537892C62C17C002A0FBF /* TeamSortableStatsGridView.swift */ = {isa = PBXFileReference; lastKnownFileType = sourcecode.swift; path = TeamSortableStatsGridView.swift; sourceTree = "<group>"; };
		4815378B2C62C1C2002A0FBF /* GridHeaderView.swift */ = {isa = PBXFileReference; lastKnownFileType = sourcecode.swift; path = GridHeaderView.swift; sourceTree = "<group>"; };
		4815378D2C633F47002A0FBF /* PlayerDetailsView.swift */ = {isa = PBXFileReference; lastKnownFileType = sourcecode.swift; path = PlayerDetailsView.swift; sourceTree = "<group>"; };
		4815378F2C64077D002A0FBF /* PlayerDetailsViewModel.swift */ = {isa = PBXFileReference; lastKnownFileType = sourcecode.swift; path = PlayerDetailsViewModel.swift; sourceTree = "<group>"; };
		481537912C641098002A0FBF /* ScreenHeaderView.swift */ = {isa = PBXFileReference; lastKnownFileType = sourcecode.swift; path = ScreenHeaderView.swift; sourceTree = "<group>"; };
		481537932C643D20002A0FBF /* PlayerStatsGridView.swift */ = {isa = PBXFileReference; lastKnownFileType = sourcecode.swift; path = PlayerStatsGridView.swift; sourceTree = "<group>"; };
		48DCAC092C3CF27A000CEBB3 /* SimulationTeamStatsData.swift */ = {isa = PBXFileReference; lastKnownFileType = sourcecode.swift; path = SimulationTeamStatsData.swift; sourceTree = "<group>"; };
		48DCAC0B2C3CF28B000CEBB3 /* SimulationGameStatsData.swift */ = {isa = PBXFileReference; lastKnownFileType = sourcecode.swift; path = SimulationGameStatsData.swift; sourceTree = "<group>"; };
		48DCAC0D2C3CF2A1000CEBB3 /* SimulationTeamStatsService.swift */ = {isa = PBXFileReference; lastKnownFileType = sourcecode.swift; path = SimulationTeamStatsService.swift; sourceTree = "<group>"; };
		48DCAC0F2C3CF2AC000CEBB3 /* SimulationGameStatsService.swift */ = {isa = PBXFileReference; lastKnownFileType = sourcecode.swift; path = SimulationGameStatsService.swift; sourceTree = "<group>"; };
		48DCAC112C3DECB9000CEBB3 /* UserDefaultsManager.swift */ = {isa = PBXFileReference; lastKnownFileType = sourcecode.swift; path = UserDefaultsManager.swift; sourceTree = "<group>"; };
		48DCAC142C3DFBA1000CEBB3 /* NHLSimulatorAppModel.xcdatamodel */ = {isa = PBXFileReference; lastKnownFileType = wrapper.xcdatamodel; path = NHLSimulatorAppModel.xcdatamodel; sourceTree = "<group>"; };
		48DCAC162C3DFC16000CEBB3 /* CoreDataManager.swift */ = {isa = PBXFileReference; lastKnownFileType = sourcecode.swift; path = CoreDataManager.swift; sourceTree = "<group>"; };
		48DCAC182C3E08F8000CEBB3 /* CorePlayersService.swift */ = {isa = PBXFileReference; lastKnownFileType = sourcecode.swift; path = CorePlayersService.swift; sourceTree = "<group>"; };
		48DCAC1A2C3E0904000CEBB3 /* CoreLineupsService.swift */ = {isa = PBXFileReference; lastKnownFileType = sourcecode.swift; path = CoreLineupsService.swift; sourceTree = "<group>"; };
		48DCAC1D2C3E2AD5000CEBB3 /* MainSimView.swift */ = {isa = PBXFileReference; lastKnownFileType = sourcecode.swift; path = MainSimView.swift; sourceTree = "<group>"; };
		48DCAC1F2C3E2B5C000CEBB3 /* UserInfo.swift */ = {isa = PBXFileReference; lastKnownFileType = sourcecode.swift; path = UserInfo.swift; sourceTree = "<group>"; };
		48DCAC212C3F8C48000CEBB3 /* UserSetupView.swift */ = {isa = PBXFileReference; lastKnownFileType = sourcecode.swift; path = UserSetupView.swift; sourceTree = "<group>"; };
		48DCAC232C404D50000CEBB3 /* AppStyle.swift */ = {isa = PBXFileReference; lastKnownFileType = sourcecode.swift; path = AppStyle.swift; sourceTree = "<group>"; };
		48DCAC252C4064DD000CEBB3 /* UserSetupViewModel.swift */ = {isa = PBXFileReference; lastKnownFileType = sourcecode.swift; path = UserSetupViewModel.swift; sourceTree = "<group>"; };
		48DCF3472C36230E0079AB67 /* NetworkManager.swift */ = {isa = PBXFileReference; lastKnownFileType = sourcecode.swift; path = NetworkManager.swift; sourceTree = "<group>"; };
		48DCF3492C3632DA0079AB67 /* Endpoint.swift */ = {isa = PBXFileReference; lastKnownFileType = sourcecode.swift; path = Endpoint.swift; sourceTree = "<group>"; };
		48DCF34E2C373E5F0079AB67 /* SimulationsService.swift */ = {isa = PBXFileReference; lastKnownFileType = sourcecode.swift; path = SimulationsService.swift; sourceTree = "<group>"; };
		48DCF3502C373EAD0079AB67 /* EndpointEnums.swift */ = {isa = PBXFileReference; lastKnownFileType = sourcecode.swift; path = EndpointEnums.swift; sourceTree = "<group>"; };
		48DCF3532C37810A0079AB67 /* SimulationData.swift */ = {isa = PBXFileReference; lastKnownFileType = sourcecode.swift; path = SimulationData.swift; sourceTree = "<group>"; };
		48DCF3582C3787D10079AB67 /* UsersService.swift */ = {isa = PBXFileReference; lastKnownFileType = sourcecode.swift; path = UsersService.swift; sourceTree = "<group>"; };
		48DCF35A2C3787E40079AB67 /* UserData.swift */ = {isa = PBXFileReference; lastKnownFileType = sourcecode.swift; path = UserData.swift; sourceTree = "<group>"; };
		48DCF35C2C378E840079AB67 /* ScheduleData.swift */ = {isa = PBXFileReference; lastKnownFileType = sourcecode.swift; path = ScheduleData.swift; sourceTree = "<group>"; };
		48DCF35E2C378E930079AB67 /* SchedulesService.swift */ = {isa = PBXFileReference; lastKnownFileType = sourcecode.swift; path = SchedulesService.swift; sourceTree = "<group>"; };
		48DCF3602C3790550079AB67 /* TeamData.swift */ = {isa = PBXFileReference; lastKnownFileType = sourcecode.swift; path = TeamData.swift; sourceTree = "<group>"; };
		48DCF3622C3790710079AB67 /* TeamsService.swift */ = {isa = PBXFileReference; lastKnownFileType = sourcecode.swift; path = TeamsService.swift; sourceTree = "<group>"; };
		48DCF3642C3791AC0079AB67 /* PlayerData.swift */ = {isa = PBXFileReference; lastKnownFileType = sourcecode.swift; path = PlayerData.swift; sourceTree = "<group>"; };
		48DCF3662C3791C30079AB67 /* SkaterStatsData.swift */ = {isa = PBXFileReference; lastKnownFileType = sourcecode.swift; path = SkaterStatsData.swift; sourceTree = "<group>"; };
		48DCF36A2C3791F20079AB67 /* PlayersService.swift */ = {isa = PBXFileReference; lastKnownFileType = sourcecode.swift; path = PlayersService.swift; sourceTree = "<group>"; };
		48DCF36C2C3791FF0079AB67 /* SkaterStatsService.swift */ = {isa = PBXFileReference; lastKnownFileType = sourcecode.swift; path = SkaterStatsService.swift; sourceTree = "<group>"; };
		48DCF3702C3799E30079AB67 /* GoalieStatsData.swift */ = {isa = PBXFileReference; lastKnownFileType = sourcecode.swift; path = GoalieStatsData.swift; sourceTree = "<group>"; };
		48DCF3742C379A1E0079AB67 /* GoalieStatsService.swift */ = {isa = PBXFileReference; lastKnownFileType = sourcecode.swift; path = GoalieStatsService.swift; sourceTree = "<group>"; };
		48DCF3782C3849600079AB67 /* LineupData.swift */ = {isa = PBXFileReference; lastKnownFileType = sourcecode.swift; path = LineupData.swift; sourceTree = "<group>"; };
		48DCF37A2C384A0A0079AB67 /* LineupsService.swift */ = {isa = PBXFileReference; lastKnownFileType = sourcecode.swift; path = LineupsService.swift; sourceTree = "<group>"; };
		48DCF37C2C3853FA0079AB67 /* SimulationSkaterStatsData.swift */ = {isa = PBXFileReference; lastKnownFileType = sourcecode.swift; path = SimulationSkaterStatsData.swift; sourceTree = "<group>"; };
		48DCF37E2C3854090079AB67 /* SimulationGoalieStatsData.swift */ = {isa = PBXFileReference; lastKnownFileType = sourcecode.swift; path = SimulationGoalieStatsData.swift; sourceTree = "<group>"; };
		48DCF3802C3856610079AB67 /* SimulationSkaterStatsService.swift */ = {isa = PBXFileReference; lastKnownFileType = sourcecode.swift; path = SimulationSkaterStatsService.swift; sourceTree = "<group>"; };
		48DCF3822C38566E0079AB67 /* SimulationGoalieStatsService.swift */ = {isa = PBXFileReference; lastKnownFileType = sourcecode.swift; path = SimulationGoalieStatsService.swift; sourceTree = "<group>"; };
		48F539592C06D6A1008DAECE /* NHLSimulatorApp.swift */ = {isa = PBXFileReference; lastKnownFileType = sourcecode.swift; path = NHLSimulatorApp.swift; sourceTree = "<group>"; };
		48F5395B2C06D6A1008DAECE /* LaunchView.swift */ = {isa = PBXFileReference; lastKnownFileType = sourcecode.swift; path = LaunchView.swift; sourceTree = "<group>"; };
		48F5395D2C06D6A5008DAECE /* Assets.xcassets */ = {isa = PBXFileReference; lastKnownFileType = folder.assetcatalog; path = Assets.xcassets; sourceTree = "<group>"; };
		48F5396A2C06D6A6008DAECE /* NHLSimulatorAppTests.swift */ = {isa = PBXFileReference; lastKnownFileType = sourcecode.swift; path = NHLSimulatorAppTests.swift; sourceTree = "<group>"; };
		48F539742C06D6A6008DAECE /* NHLSimulatorAppUITests.swift */ = {isa = PBXFileReference; lastKnownFileType = sourcecode.swift; path = NHLSimulatorAppUITests.swift; sourceTree = "<group>"; };
		48F539762C06D6A6008DAECE /* NHLSimulatorAppUITestsLaunchTests.swift */ = {isa = PBXFileReference; lastKnownFileType = sourcecode.swift; path = NHLSimulatorAppUITestsLaunchTests.swift; sourceTree = "<group>"; };
		5E040B321F13CFD59C954923 /* Pods_NHLSimulatorAppTests.framework */ = {isa = PBXFileReference; explicitFileType = wrapper.framework; includeInIndex = 0; path = Pods_NHLSimulatorAppTests.framework; sourceTree = BUILT_PRODUCTS_DIR; };
		67573A80799E4E329031C137 /* Pods-NHLSimulatorAppTests.debug.xcconfig */ = {isa = PBXFileReference; includeInIndex = 1; lastKnownFileType = text.xcconfig; name = "Pods-NHLSimulatorAppTests.debug.xcconfig"; path = "../../Pods/Target Support Files/Pods-NHLSimulatorAppTests/Pods-NHLSimulatorAppTests.debug.xcconfig"; sourceTree = "<group>"; };
		6BFD4334678354D28991C365 /* Pods-NHLSimulatorApp.release.xcconfig */ = {isa = PBXFileReference; includeInIndex = 1; lastKnownFileType = text.xcconfig; name = "Pods-NHLSimulatorApp.release.xcconfig"; path = "../../Pods/Target Support Files/Pods-NHLSimulatorApp/Pods-NHLSimulatorApp.release.xcconfig"; sourceTree = "<group>"; };
		8E22CBCBB5260D4F63C09B8A /* Pods_NHLSimulatorApp.framework */ = {isa = PBXFileReference; explicitFileType = wrapper.framework; includeInIndex = 0; path = Pods_NHLSimulatorApp.framework; sourceTree = BUILT_PRODUCTS_DIR; };
		EBCDE8AE453D5AC66B0881FE /* Pods-NHLSimulatorAppTests.release.xcconfig */ = {isa = PBXFileReference; includeInIndex = 1; lastKnownFileType = text.xcconfig; name = "Pods-NHLSimulatorAppTests.release.xcconfig"; path = "../../Pods/Target Support Files/Pods-NHLSimulatorAppTests/Pods-NHLSimulatorAppTests.release.xcconfig"; sourceTree = "<group>"; };
		F3FF1C88140954CDD8311868 /* Pods-NHLSimulatorApp.debug.xcconfig */ = {isa = PBXFileReference; includeInIndex = 1; lastKnownFileType = text.xcconfig; name = "Pods-NHLSimulatorApp.debug.xcconfig"; path = "../../Pods/Target Support Files/Pods-NHLSimulatorApp/Pods-NHLSimulatorApp.debug.xcconfig"; sourceTree = "<group>"; };
/* End PBXFileReference section */

/* Begin PBXFrameworksBuildPhase section */
		48F539532C06D6A1008DAECE /* Frameworks */ = {
			isa = PBXFrameworksBuildPhase;
			buildActionMask = 2147483647;
			files = (
				481537552C40B0F0002A0FBF /* SDWebImageSwiftUI in Frameworks */,
				431B81CDF2FE5435A3B307F6 /* Pods_NHLSimulatorApp.framework in Frameworks */,
				481537522C40B0D0002A0FBF /* SDWebImageSVGCoder in Frameworks */,
			);
			runOnlyForDeploymentPostprocessing = 0;
		};
		48F539632C06D6A6008DAECE /* Frameworks */ = {
			isa = PBXFrameworksBuildPhase;
			buildActionMask = 2147483647;
			files = (
				96BF9E8A1F8AD010B47D9E47 /* Pods_NHLSimulatorAppTests.framework in Frameworks */,
			);
			runOnlyForDeploymentPostprocessing = 0;
		};
		48F5396D2C06D6A6008DAECE /* Frameworks */ = {
			isa = PBXFrameworksBuildPhase;
			buildActionMask = 2147483647;
			files = (
			);
			runOnlyForDeploymentPostprocessing = 0;
		};
/* End PBXFrameworksBuildPhase section */

/* Begin PBXGroup section */
		4815375D2C460FA9002A0FBF /* Resources */ = {
			isa = PBXGroup;
			children = (
				48DCAC232C404D50000CEBB3 /* AppStyle.swift */,
				481537642C475D4A002A0FBF /* Design.swift */,
				4815375C2C46070C002A0FBF /* Localizable.strings */,
				48F5395D2C06D6A5008DAECE /* Assets.xcassets */,
			);
			path = Resources;
			sourceTree = "<group>";
		};
		4815375E2C461131002A0FBF /* Enums */ = {
			isa = PBXGroup;
			children = (
				481537562C4603AC002A0FBF /* Enums.swift */,
			);
			path = Enums;
			sourceTree = "<group>";
		};
		4815375F2C46124C002A0FBF /* User */ = {
			isa = PBXGroup;
			children = (
				48DCAC112C3DECB9000CEBB3 /* UserDefaultsManager.swift */,
				48DCAC1F2C3E2B5C000CEBB3 /* UserInfo.swift */,
				4815376E2C56BA80002A0FBF /* SimulationState.swift */,
			);
			path = User;
			sourceTree = "<group>";
		};
		481537602C46126F002A0FBF /* Views */ = {
			isa = PBXGroup;
			children = (
				481537682C476E56002A0FBF /* Screens */,
				481537692C476E5D002A0FBF /* Elements */,
			);
			path = Views;
			sourceTree = "<group>";
		};
		481537612C461276002A0FBF /* ViewModels */ = {
			isa = PBXGroup;
			children = (
				48DCAC252C4064DD000CEBB3 /* UserSetupViewModel.swift */,
				481537622C4710E9002A0FBF /* MainSimViewModel.swift */,
				4815377F2C616A83002A0FBF /* TeamStandingsViewModel.swift */,
				481537812C616A93002A0FBF /* PlayerStatsViewModel.swift */,
				481537832C616A9E002A0FBF /* EditRostersViewModel.swift */,
				481537852C616AA8002A0FBF /* EditLineupsViewModel.swift */,
				4815378F2C64077D002A0FBF /* PlayerDetailsViewModel.swift */,
			);
			path = ViewModels;
			sourceTree = "<group>";
		};
		481537682C476E56002A0FBF /* Screens */ = {
			isa = PBXGroup;
			children = (
				48F5395B2C06D6A1008DAECE /* LaunchView.swift */,
				48DCAC212C3F8C48000CEBB3 /* UserSetupView.swift */,
				48DCAC1D2C3E2AD5000CEBB3 /* MainSimView.swift */,
				481537772C6169C4002A0FBF /* TeamStandingsView.swift */,
				481537792C6169D0002A0FBF /* PlayerStatsView.swift */,
				4815377B2C6169DB002A0FBF /* EditRostersView.swift */,
				4815377D2C6169E5002A0FBF /* EditLineupsView.swift */,
				4815378D2C633F47002A0FBF /* PlayerDetailsView.swift */,
			);
			path = Screens;
			sourceTree = "<group>";
		};
		481537692C476E5D002A0FBF /* Elements */ = {
			isa = PBXGroup;
			children = (
				481537912C641098002A0FBF /* ScreenHeaderView.swift */,
				481537662C4764AE002A0FBF /* TeamDropDownMenuView.swift */,
				4815376A2C48768E002A0FBF /* CalendarView.swift */,
				4815378B2C62C1C2002A0FBF /* GridHeaderView.swift */,
				481537872C618B2F002A0FBF /* PlayerSortableStatsGridView.swift */,
				481537892C62C17C002A0FBF /* TeamSortableStatsGridView.swift */,
				481537932C643D20002A0FBF /* PlayerStatsGridView.swift */,
			);
			path = Elements;
			sourceTree = "<group>";
		};
		48DCAC1C2C3E2190000CEBB3 /* CoreData */ = {
			isa = PBXGroup;
			children = (
				48DCAC162C3DFC16000CEBB3 /* CoreDataManager.swift */,
				48DCAC182C3E08F8000CEBB3 /* CorePlayersService.swift */,
				48DCAC1A2C3E0904000CEBB3 /* CoreLineupsService.swift */,
				481537752C6088BA002A0FBF /* CorePlayerLineupService.swift */,
			);
			path = CoreData;
			sourceTree = "<group>";
		};
		48DCF34B2C36402A0079AB67 /* Network */ = {
			isa = PBXGroup;
			children = (
				48DCF3572C3787270079AB67 /* Service */,
				48DCF3562C37871B0079AB67 /* Endpoint */,
				48DCF3552C3787140079AB67 /* Request */,
			);
			path = Network;
			sourceTree = "<group>";
		};
		48DCF3522C3780F70079AB67 /* Models */ = {
			isa = PBXGroup;
			children = (
				48DCF35C2C378E840079AB67 /* ScheduleData.swift */,
				48DCF3602C3790550079AB67 /* TeamData.swift */,
				48DCF3642C3791AC0079AB67 /* PlayerData.swift */,
				48DCF3662C3791C30079AB67 /* SkaterStatsData.swift */,
				48DCF3702C3799E30079AB67 /* GoalieStatsData.swift */,
				48DCF3782C3849600079AB67 /* LineupData.swift */,
				48DCF35A2C3787E40079AB67 /* UserData.swift */,
				48DCF3532C37810A0079AB67 /* SimulationData.swift */,
				48DCF37C2C3853FA0079AB67 /* SimulationSkaterStatsData.swift */,
				48DCF37E2C3854090079AB67 /* SimulationGoalieStatsData.swift */,
				48DCAC092C3CF27A000CEBB3 /* SimulationTeamStatsData.swift */,
				48DCAC0B2C3CF28B000CEBB3 /* SimulationGameStatsData.swift */,
			);
			path = Models;
			sourceTree = "<group>";
		};
		48DCF3552C3787140079AB67 /* Request */ = {
			isa = PBXGroup;
			children = (
				48DCF3472C36230E0079AB67 /* NetworkManager.swift */,
			);
			path = Request;
			sourceTree = "<group>";
		};
		48DCF3562C37871B0079AB67 /* Endpoint */ = {
			isa = PBXGroup;
			children = (
				48DCF3492C3632DA0079AB67 /* Endpoint.swift */,
				48DCF3502C373EAD0079AB67 /* EndpointEnums.swift */,
			);
			path = Endpoint;
			sourceTree = "<group>";
		};
		48DCF3572C3787270079AB67 /* Service */ = {
			isa = PBXGroup;
			children = (
				48DCF35E2C378E930079AB67 /* SchedulesService.swift */,
				48DCF3622C3790710079AB67 /* TeamsService.swift */,
				48DCF36A2C3791F20079AB67 /* PlayersService.swift */,
				48DCF36C2C3791FF0079AB67 /* SkaterStatsService.swift */,
				48DCF3742C379A1E0079AB67 /* GoalieStatsService.swift */,
				48DCF37A2C384A0A0079AB67 /* LineupsService.swift */,
				48DCF3582C3787D10079AB67 /* UsersService.swift */,
				48DCF34E2C373E5F0079AB67 /* SimulationsService.swift */,
				48DCF3802C3856610079AB67 /* SimulationSkaterStatsService.swift */,
				48DCF3822C38566E0079AB67 /* SimulationGoalieStatsService.swift */,
				48DCAC0D2C3CF2A1000CEBB3 /* SimulationTeamStatsService.swift */,
				48DCAC0F2C3CF2AC000CEBB3 /* SimulationGameStatsService.swift */,
			);
			path = Service;
			sourceTree = "<group>";
		};
		48F5394D2C06D6A1008DAECE = {
			isa = PBXGroup;
			children = (
				48DCAC132C3DFBA1000CEBB3 /* NHLSimulatorAppModel.xcdatamodeld */,
				48F539582C06D6A1008DAECE /* NHLSimulatorApp */,
				48F539692C06D6A6008DAECE /* NHLSimulatorAppTests */,
				48F539732C06D6A6008DAECE /* NHLSimulatorAppUITests */,
				D294140068EB957061F278D1 /* Pods */,
				BCAB52668012879E11B0681A /* Frameworks */,
				481537722C5899FA002A0FBF /* NHLSimulatorApp.app */,
				481537732C5899FA002A0FBF /* NHLSimulatorAppTests.xctest */,
				481537742C5899FA002A0FBF /* NHLSimulatorAppUITests.xctest */,
			);
			sourceTree = "<group>";
		};
		48F539582C06D6A1008DAECE /* NHLSimulatorApp */ = {
			isa = PBXGroup;
			children = (
				48DCAC1C2C3E2190000CEBB3 /* CoreData */,
				4815375E2C461131002A0FBF /* Enums */,
				48DCF3522C3780F70079AB67 /* Models */,
				48DCF34B2C36402A0079AB67 /* Network */,
				4815375D2C460FA9002A0FBF /* Resources */,
				4815375F2C46124C002A0FBF /* User */,
				481537602C46126F002A0FBF /* Views */,
				481537612C461276002A0FBF /* ViewModels */,
				48F539592C06D6A1008DAECE /* NHLSimulatorApp.swift */,
			);
			path = NHLSimulatorApp;
			sourceTree = "<group>";
		};
		48F539692C06D6A6008DAECE /* NHLSimulatorAppTests */ = {
			isa = PBXGroup;
			children = (
				48F5396A2C06D6A6008DAECE /* NHLSimulatorAppTests.swift */,
			);
			path = NHLSimulatorAppTests;
			sourceTree = "<group>";
		};
		48F539732C06D6A6008DAECE /* NHLSimulatorAppUITests */ = {
			isa = PBXGroup;
			children = (
				48F539742C06D6A6008DAECE /* NHLSimulatorAppUITests.swift */,
				48F539762C06D6A6008DAECE /* NHLSimulatorAppUITestsLaunchTests.swift */,
			);
			path = NHLSimulatorAppUITests;
			sourceTree = "<group>";
		};
		BCAB52668012879E11B0681A /* Frameworks */ = {
			isa = PBXGroup;
			children = (
				8E22CBCBB5260D4F63C09B8A /* Pods_NHLSimulatorApp.framework */,
				5E040B321F13CFD59C954923 /* Pods_NHLSimulatorAppTests.framework */,
			);
			name = Frameworks;
			sourceTree = "<group>";
		};
		D294140068EB957061F278D1 /* Pods */ = {
			isa = PBXGroup;
			children = (
				F3FF1C88140954CDD8311868 /* Pods-NHLSimulatorApp.debug.xcconfig */,
				6BFD4334678354D28991C365 /* Pods-NHLSimulatorApp.release.xcconfig */,
				67573A80799E4E329031C137 /* Pods-NHLSimulatorAppTests.debug.xcconfig */,
				EBCDE8AE453D5AC66B0881FE /* Pods-NHLSimulatorAppTests.release.xcconfig */,
			);
			path = Pods;
			sourceTree = "<group>";
		};
/* End PBXGroup section */

/* Begin PBXNativeTarget section */
		48F539552C06D6A1008DAECE /* NHLSimulatorApp */ = {
			isa = PBXNativeTarget;
			buildConfigurationList = 48F5397A2C06D6A6008DAECE /* Build configuration list for PBXNativeTarget "NHLSimulatorApp" */;
			buildPhases = (
				9B18C3E2EB1D563C4DB4CBC1 /* [CP] Check Pods Manifest.lock */,
				48F539522C06D6A1008DAECE /* Sources */,
				48F539532C06D6A1008DAECE /* Frameworks */,
				48F539542C06D6A1008DAECE /* Resources */,
				1C86DCE5AAC41D6BE3F9C0A4 /* [CP] Embed Pods Frameworks */,
			);
			buildRules = (
			);
			dependencies = (
			);
			name = NHLSimulatorApp;
			packageProductDependencies = (
				481537512C40B0D0002A0FBF /* SDWebImageSVGCoder */,
				481537542C40B0F0002A0FBF /* SDWebImageSwiftUI */,
			);
			productName = NHLSimulatorApp;
			productReference = 481537722C5899FA002A0FBF /* NHLSimulatorApp.app */;
			productType = "com.apple.product-type.application";
		};
		48F539652C06D6A6008DAECE /* NHLSimulatorAppTests */ = {
			isa = PBXNativeTarget;
			buildConfigurationList = 48F5397D2C06D6A6008DAECE /* Build configuration list for PBXNativeTarget "NHLSimulatorAppTests" */;
			buildPhases = (
				97F075B00749B563FE839D72 /* [CP] Check Pods Manifest.lock */,
				48F539622C06D6A6008DAECE /* Sources */,
				48F539632C06D6A6008DAECE /* Frameworks */,
				48F539642C06D6A6008DAECE /* Resources */,
			);
			buildRules = (
			);
			dependencies = (
				48F539682C06D6A6008DAECE /* PBXTargetDependency */,
			);
			name = NHLSimulatorAppTests;
			productName = NHLSimulatorAppTests;
			productReference = 481537732C5899FA002A0FBF /* NHLSimulatorAppTests.xctest */;
			productType = "com.apple.product-type.bundle.unit-test";
		};
		48F5396F2C06D6A6008DAECE /* NHLSimulatorAppUITests */ = {
			isa = PBXNativeTarget;
			buildConfigurationList = 48F539802C06D6A6008DAECE /* Build configuration list for PBXNativeTarget "NHLSimulatorAppUITests" */;
			buildPhases = (
				48F5396C2C06D6A6008DAECE /* Sources */,
				48F5396D2C06D6A6008DAECE /* Frameworks */,
				48F5396E2C06D6A6008DAECE /* Resources */,
			);
			buildRules = (
			);
			dependencies = (
				48F539722C06D6A6008DAECE /* PBXTargetDependency */,
			);
			name = NHLSimulatorAppUITests;
			productName = NHLSimulatorAppUITests;
			productReference = 481537742C5899FA002A0FBF /* NHLSimulatorAppUITests.xctest */;
			productType = "com.apple.product-type.bundle.ui-testing";
		};
/* End PBXNativeTarget section */

/* Begin PBXProject section */
		48F5394E2C06D6A1008DAECE /* Project object */ = {
			isa = PBXProject;
			attributes = {
				BuildIndependentTargetsInParallel = 1;
				LastSwiftUpdateCheck = 1430;
				LastUpgradeCheck = 1430;
				TargetAttributes = {
					48F539552C06D6A1008DAECE = {
						CreatedOnToolsVersion = 14.3.1;
					};
					48F539652C06D6A6008DAECE = {
						CreatedOnToolsVersion = 14.3.1;
						TestTargetID = 48F539552C06D6A1008DAECE;
					};
					48F5396F2C06D6A6008DAECE = {
						CreatedOnToolsVersion = 14.3.1;
						TestTargetID = 48F539552C06D6A1008DAECE;
					};
				};
			};
			buildConfigurationList = 48F539512C06D6A1008DAECE /* Build configuration list for PBXProject "NHLSimulatorApp" */;
			compatibilityVersion = "Xcode 14.0";
			developmentRegion = en;
			hasScannedForEncodings = 0;
			knownRegions = (
				en,
				Base,
			);
			mainGroup = 48F5394D2C06D6A1008DAECE;
			packageReferences = (
				481537502C40B0D0002A0FBF /* XCRemoteSwiftPackageReference "SDWebImageSVGCoder" */,
				481537532C40B0F0002A0FBF /* XCRemoteSwiftPackageReference "SDWebImageSwiftUI" */,
			);
			productRefGroup = 48F5394D2C06D6A1008DAECE;
			projectDirPath = "";
			projectRoot = "";
			targets = (
				48F539552C06D6A1008DAECE /* NHLSimulatorApp */,
				48F539652C06D6A6008DAECE /* NHLSimulatorAppTests */,
				48F5396F2C06D6A6008DAECE /* NHLSimulatorAppUITests */,
			);
		};
/* End PBXProject section */

/* Begin PBXResourcesBuildPhase section */
		48F539542C06D6A1008DAECE /* Resources */ = {
			isa = PBXResourcesBuildPhase;
			buildActionMask = 2147483647;
			files = (
				48F5395E2C06D6A5008DAECE /* Assets.xcassets in Resources */,
				4815375A2C46070C002A0FBF /* Localizable.strings in Resources */,
			);
			runOnlyForDeploymentPostprocessing = 0;
		};
		48F539642C06D6A6008DAECE /* Resources */ = {
			isa = PBXResourcesBuildPhase;
			buildActionMask = 2147483647;
			files = (
			);
			runOnlyForDeploymentPostprocessing = 0;
		};
		48F5396E2C06D6A6008DAECE /* Resources */ = {
			isa = PBXResourcesBuildPhase;
			buildActionMask = 2147483647;
			files = (
			);
			runOnlyForDeploymentPostprocessing = 0;
		};
/* End PBXResourcesBuildPhase section */

/* Begin PBXShellScriptBuildPhase section */
		1C86DCE5AAC41D6BE3F9C0A4 /* [CP] Embed Pods Frameworks */ = {
			isa = PBXShellScriptBuildPhase;
			buildActionMask = 2147483647;
			files = (
			);
			inputFileListPaths = (
				"${PODS_ROOT}/Target Support Files/Pods-NHLSimulatorApp/Pods-NHLSimulatorApp-frameworks-${CONFIGURATION}-input-files.xcfilelist",
			);
			name = "[CP] Embed Pods Frameworks";
			outputFileListPaths = (
				"${PODS_ROOT}/Target Support Files/Pods-NHLSimulatorApp/Pods-NHLSimulatorApp-frameworks-${CONFIGURATION}-output-files.xcfilelist",
			);
			runOnlyForDeploymentPostprocessing = 0;
			shellPath = /bin/sh;
			shellScript = "\"${PODS_ROOT}/Target Support Files/Pods-NHLSimulatorApp/Pods-NHLSimulatorApp-frameworks.sh\"\n";
			showEnvVarsInLog = 0;
		};
		97F075B00749B563FE839D72 /* [CP] Check Pods Manifest.lock */ = {
			isa = PBXShellScriptBuildPhase;
			buildActionMask = 2147483647;
			files = (
			);
			inputFileListPaths = (
			);
			inputPaths = (
				"${PODS_PODFILE_DIR_PATH}/Podfile.lock",
				"${PODS_ROOT}/Manifest.lock",
			);
			name = "[CP] Check Pods Manifest.lock";
			outputFileListPaths = (
			);
			outputPaths = (
				"$(DERIVED_FILE_DIR)/Pods-NHLSimulatorAppTests-checkManifestLockResult.txt",
			);
			runOnlyForDeploymentPostprocessing = 0;
			shellPath = /bin/sh;
			shellScript = "diff \"${PODS_PODFILE_DIR_PATH}/Podfile.lock\" \"${PODS_ROOT}/Manifest.lock\" > /dev/null\nif [ $? != 0 ] ; then\n    # print error to STDERR\n    echo \"error: The sandbox is not in sync with the Podfile.lock. Run 'pod install' or update your CocoaPods installation.\" >&2\n    exit 1\nfi\n# This output is used by Xcode 'outputs' to avoid re-running this script phase.\necho \"SUCCESS\" > \"${SCRIPT_OUTPUT_FILE_0}\"\n";
			showEnvVarsInLog = 0;
		};
		9B18C3E2EB1D563C4DB4CBC1 /* [CP] Check Pods Manifest.lock */ = {
			isa = PBXShellScriptBuildPhase;
			buildActionMask = 2147483647;
			files = (
			);
			inputFileListPaths = (
			);
			inputPaths = (
				"${PODS_PODFILE_DIR_PATH}/Podfile.lock",
				"${PODS_ROOT}/Manifest.lock",
			);
			name = "[CP] Check Pods Manifest.lock";
			outputFileListPaths = (
			);
			outputPaths = (
				"$(DERIVED_FILE_DIR)/Pods-NHLSimulatorApp-checkManifestLockResult.txt",
			);
			runOnlyForDeploymentPostprocessing = 0;
			shellPath = /bin/sh;
			shellScript = "diff \"${PODS_PODFILE_DIR_PATH}/Podfile.lock\" \"${PODS_ROOT}/Manifest.lock\" > /dev/null\nif [ $? != 0 ] ; then\n    # print error to STDERR\n    echo \"error: The sandbox is not in sync with the Podfile.lock. Run 'pod install' or update your CocoaPods installation.\" >&2\n    exit 1\nfi\n# This output is used by Xcode 'outputs' to avoid re-running this script phase.\necho \"SUCCESS\" > \"${SCRIPT_OUTPUT_FILE_0}\"\n";
			showEnvVarsInLog = 0;
		};
/* End PBXShellScriptBuildPhase section */

/* Begin PBXSourcesBuildPhase section */
		48F539522C06D6A1008DAECE /* Sources */ = {
			isa = PBXSourcesBuildPhase;
			buildActionMask = 2147483647;
			files = (
				48DCF3752C379A1E0079AB67 /* GoalieStatsService.swift in Sources */,
				48DCF3832C38566E0079AB67 /* SimulationGoalieStatsService.swift in Sources */,
				4815376B2C48768E002A0FBF /* CalendarView.swift in Sources */,
				481537672C4764AE002A0FBF /* TeamDropDownMenuView.swift in Sources */,
				48DCAC192C3E08F8000CEBB3 /* CorePlayersService.swift in Sources */,
				481537822C616A93002A0FBF /* PlayerStatsViewModel.swift in Sources */,
				48DCAC1B2C3E0904000CEBB3 /* CoreLineupsService.swift in Sources */,
				48DCF3592C3787D10079AB67 /* UsersService.swift in Sources */,
				4815377A2C6169D0002A0FBF /* PlayerStatsView.swift in Sources */,
				481537842C616A9E002A0FBF /* EditRostersViewModel.swift in Sources */,
				48DCF3712C3799E30079AB67 /* GoalieStatsData.swift in Sources */,
				48DCF3512C373EAD0079AB67 /* EndpointEnums.swift in Sources */,
				48DCAC1E2C3E2AD5000CEBB3 /* MainSimView.swift in Sources */,
				48DCF3812C3856610079AB67 /* SimulationSkaterStatsService.swift in Sources */,
				48DCF35D2C378E840079AB67 /* ScheduleData.swift in Sources */,
				48DCAC0C2C3CF28B000CEBB3 /* SimulationGameStatsData.swift in Sources */,
				481537902C64077D002A0FBF /* PlayerDetailsViewModel.swift in Sources */,
				4815378E2C633F47002A0FBF /* PlayerDetailsView.swift in Sources */,
				48DCF34F2C373E5F0079AB67 /* SimulationsService.swift in Sources */,
				4815378A2C62C17C002A0FBF /* TeamSortableStatsGridView.swift in Sources */,
				48DCF3632C3790710079AB67 /* TeamsService.swift in Sources */,
				48DCAC202C3E2B5C000CEBB3 /* UserInfo.swift in Sources */,
				48DCF3542C37810A0079AB67 /* SimulationData.swift in Sources */,
				481537652C475D4A002A0FBF /* Design.swift in Sources */,
				48DCAC102C3CF2AC000CEBB3 /* SimulationGameStatsService.swift in Sources */,
				48DCF35B2C3787E40079AB67 /* UserData.swift in Sources */,
				48DCAC0A2C3CF27A000CEBB3 /* SimulationTeamStatsData.swift in Sources */,
				48DCAC172C3DFC16000CEBB3 /* CoreDataManager.swift in Sources */,
				48DCF37B2C384A0A0079AB67 /* LineupsService.swift in Sources */,
				48DCAC0E2C3CF2A1000CEBB3 /* SimulationTeamStatsService.swift in Sources */,
				481537632C4710E9002A0FBF /* MainSimViewModel.swift in Sources */,
				48DCF37F2C3854090079AB67 /* SimulationGoalieStatsData.swift in Sources */,
				481537762C6088BB002A0FBF /* CorePlayerLineupService.swift in Sources */,
				4815376F2C56BA80002A0FBF /* SimulationState.swift in Sources */,
				481537572C4603AC002A0FBF /* Enums.swift in Sources */,
				48DCF37D2C3853FA0079AB67 /* SimulationSkaterStatsData.swift in Sources */,
				481537862C616AA8002A0FBF /* EditLineupsViewModel.swift in Sources */,
				48DCF3482C36230E0079AB67 /* NetworkManager.swift in Sources */,
				48DCF3792C3849600079AB67 /* LineupData.swift in Sources */,
				48DCAC152C3DFBA1000CEBB3 /* NHLSimulatorAppModel.xcdatamodeld in Sources */,
				4815378C2C62C1C2002A0FBF /* GridHeaderView.swift in Sources */,
				48DCF3672C3791C30079AB67 /* SkaterStatsData.swift in Sources */,
				48DCF36D2C3791FF0079AB67 /* SkaterStatsService.swift in Sources */,
				48DCF3652C3791AC0079AB67 /* PlayerData.swift in Sources */,
				481537802C616A83002A0FBF /* TeamStandingsViewModel.swift in Sources */,
				48DCF36B2C3791F20079AB67 /* PlayersService.swift in Sources */,
				48DCF35F2C378E930079AB67 /* SchedulesService.swift in Sources */,
				481537942C643D20002A0FBF /* PlayerStatsGridView.swift in Sources */,
				4815377C2C6169DB002A0FBF /* EditRostersView.swift in Sources */,
				48DCAC222C3F8C48000CEBB3 /* UserSetupView.swift in Sources */,
				48F5395C2C06D6A1008DAECE /* LaunchView.swift in Sources */,
				48DCAC122C3DECB9000CEBB3 /* UserDefaultsManager.swift in Sources */,
				48DCAC242C404D50000CEBB3 /* AppStyle.swift in Sources */,
				48DCF34A2C3632DA0079AB67 /* Endpoint.swift in Sources */,
				48DCAC262C4064DD000CEBB3 /* UserSetupViewModel.swift in Sources */,
				481537782C6169C4002A0FBF /* TeamStandingsView.swift in Sources */,
				481537882C618B2F002A0FBF /* PlayerSortableStatsGridView.swift in Sources */,
				4815377E2C6169E5002A0FBF /* EditLineupsView.swift in Sources */,
				481537922C641098002A0FBF /* ScreenHeaderView.swift in Sources */,
				48DCF3612C3790550079AB67 /* TeamData.swift in Sources */,
				48F5395A2C06D6A1008DAECE /* NHLSimulatorApp.swift in Sources */,
			);
			runOnlyForDeploymentPostprocessing = 0;
		};
		48F539622C06D6A6008DAECE /* Sources */ = {
			isa = PBXSourcesBuildPhase;
			buildActionMask = 2147483647;
			files = (
				48F5396B2C06D6A6008DAECE /* NHLSimulatorAppTests.swift in Sources */,
			);
			runOnlyForDeploymentPostprocessing = 0;
		};
		48F5396C2C06D6A6008DAECE /* Sources */ = {
			isa = PBXSourcesBuildPhase;
			buildActionMask = 2147483647;
			files = (
				48F539772C06D6A6008DAECE /* NHLSimulatorAppUITestsLaunchTests.swift in Sources */,
				48F539752C06D6A6008DAECE /* NHLSimulatorAppUITests.swift in Sources */,
			);
			runOnlyForDeploymentPostprocessing = 0;
		};
/* End PBXSourcesBuildPhase section */

/* Begin PBXTargetDependency section */
		48F539682C06D6A6008DAECE /* PBXTargetDependency */ = {
			isa = PBXTargetDependency;
			target = 48F539552C06D6A1008DAECE /* NHLSimulatorApp */;
			targetProxy = 48F539672C06D6A6008DAECE /* PBXContainerItemProxy */;
		};
		48F539722C06D6A6008DAECE /* PBXTargetDependency */ = {
			isa = PBXTargetDependency;
			target = 48F539552C06D6A1008DAECE /* NHLSimulatorApp */;
			targetProxy = 48F539712C06D6A6008DAECE /* PBXContainerItemProxy */;
		};
/* End PBXTargetDependency section */

/* Begin PBXVariantGroup section */
		4815375C2C46070C002A0FBF /* Localizable.strings */ = {
			isa = PBXVariantGroup;
			children = (
				4815375B2C46070C002A0FBF /* en */,
			);
			name = Localizable.strings;
			sourceTree = "<group>";
		};
/* End PBXVariantGroup section */

/* Begin XCBuildConfiguration section */
		48F539782C06D6A6008DAECE /* Debug */ = {
			isa = XCBuildConfiguration;
			buildSettings = {
				ALWAYS_SEARCH_USER_PATHS = NO;
				CLANG_ANALYZER_NONNULL = YES;
				CLANG_ANALYZER_NUMBER_OBJECT_CONVERSION = YES_AGGRESSIVE;
				CLANG_CXX_LANGUAGE_STANDARD = "gnu++20";
				CLANG_ENABLE_MODULES = YES;
				CLANG_ENABLE_OBJC_ARC = YES;
				CLANG_ENABLE_OBJC_WEAK = YES;
				CLANG_WARN_BLOCK_CAPTURE_AUTORELEASING = YES;
				CLANG_WARN_BOOL_CONVERSION = YES;
				CLANG_WARN_COMMA = YES;
				CLANG_WARN_CONSTANT_CONVERSION = YES;
				CLANG_WARN_DEPRECATED_OBJC_IMPLEMENTATIONS = YES;
				CLANG_WARN_DIRECT_OBJC_ISA_USAGE = YES_ERROR;
				CLANG_WARN_DOCUMENTATION_COMMENTS = YES;
				CLANG_WARN_EMPTY_BODY = YES;
				CLANG_WARN_ENUM_CONVERSION = YES;
				CLANG_WARN_INFINITE_RECURSION = YES;
				CLANG_WARN_INT_CONVERSION = YES;
				CLANG_WARN_NON_LITERAL_NULL_CONVERSION = YES;
				CLANG_WARN_OBJC_IMPLICIT_RETAIN_SELF = YES;
				CLANG_WARN_OBJC_LITERAL_CONVERSION = YES;
				CLANG_WARN_OBJC_ROOT_CLASS = YES_ERROR;
				CLANG_WARN_QUOTED_INCLUDE_IN_FRAMEWORK_HEADER = YES;
				CLANG_WARN_RANGE_LOOP_ANALYSIS = YES;
				CLANG_WARN_STRICT_PROTOTYPES = YES;
				CLANG_WARN_SUSPICIOUS_MOVE = YES;
				CLANG_WARN_UNGUARDED_AVAILABILITY = YES_AGGRESSIVE;
				CLANG_WARN_UNREACHABLE_CODE = YES;
				CLANG_WARN__DUPLICATE_METHOD_MATCH = YES;
				COPY_PHASE_STRIP = NO;
				DEBUG_INFORMATION_FORMAT = dwarf;
				ENABLE_STRICT_OBJC_MSGSEND = YES;
				ENABLE_TESTABILITY = YES;
				GCC_C_LANGUAGE_STANDARD = gnu11;
				GCC_DYNAMIC_NO_PIC = NO;
				GCC_NO_COMMON_BLOCKS = YES;
				GCC_OPTIMIZATION_LEVEL = 0;
				GCC_PREPROCESSOR_DEFINITIONS = (
					"DEBUG=1",
					"$(inherited)",
				);
				GCC_WARN_64_TO_32_BIT_CONVERSION = YES;
				GCC_WARN_ABOUT_RETURN_TYPE = YES_ERROR;
				GCC_WARN_UNDECLARED_SELECTOR = YES;
				GCC_WARN_UNINITIALIZED_AUTOS = YES_AGGRESSIVE;
				GCC_WARN_UNUSED_FUNCTION = YES;
				GCC_WARN_UNUSED_VARIABLE = YES;
				IPHONEOS_DEPLOYMENT_TARGET = 16.4;
				MTL_ENABLE_DEBUG_INFO = INCLUDE_SOURCE;
				MTL_FAST_MATH = YES;
				ONLY_ACTIVE_ARCH = YES;
				SDKROOT = iphoneos;
				SWIFT_ACTIVE_COMPILATION_CONDITIONS = DEBUG;
				SWIFT_OPTIMIZATION_LEVEL = "-Onone";
			};
			name = Debug;
		};
		48F539792C06D6A6008DAECE /* Release */ = {
			isa = XCBuildConfiguration;
			buildSettings = {
				ALWAYS_SEARCH_USER_PATHS = NO;
				CLANG_ANALYZER_NONNULL = YES;
				CLANG_ANALYZER_NUMBER_OBJECT_CONVERSION = YES_AGGRESSIVE;
				CLANG_CXX_LANGUAGE_STANDARD = "gnu++20";
				CLANG_ENABLE_MODULES = YES;
				CLANG_ENABLE_OBJC_ARC = YES;
				CLANG_ENABLE_OBJC_WEAK = YES;
				CLANG_WARN_BLOCK_CAPTURE_AUTORELEASING = YES;
				CLANG_WARN_BOOL_CONVERSION = YES;
				CLANG_WARN_COMMA = YES;
				CLANG_WARN_CONSTANT_CONVERSION = YES;
				CLANG_WARN_DEPRECATED_OBJC_IMPLEMENTATIONS = YES;
				CLANG_WARN_DIRECT_OBJC_ISA_USAGE = YES_ERROR;
				CLANG_WARN_DOCUMENTATION_COMMENTS = YES;
				CLANG_WARN_EMPTY_BODY = YES;
				CLANG_WARN_ENUM_CONVERSION = YES;
				CLANG_WARN_INFINITE_RECURSION = YES;
				CLANG_WARN_INT_CONVERSION = YES;
				CLANG_WARN_NON_LITERAL_NULL_CONVERSION = YES;
				CLANG_WARN_OBJC_IMPLICIT_RETAIN_SELF = YES;
				CLANG_WARN_OBJC_LITERAL_CONVERSION = YES;
				CLANG_WARN_OBJC_ROOT_CLASS = YES_ERROR;
				CLANG_WARN_QUOTED_INCLUDE_IN_FRAMEWORK_HEADER = YES;
				CLANG_WARN_RANGE_LOOP_ANALYSIS = YES;
				CLANG_WARN_STRICT_PROTOTYPES = YES;
				CLANG_WARN_SUSPICIOUS_MOVE = YES;
				CLANG_WARN_UNGUARDED_AVAILABILITY = YES_AGGRESSIVE;
				CLANG_WARN_UNREACHABLE_CODE = YES;
				CLANG_WARN__DUPLICATE_METHOD_MATCH = YES;
				COPY_PHASE_STRIP = NO;
				DEBUG_INFORMATION_FORMAT = "dwarf-with-dsym";
				ENABLE_NS_ASSERTIONS = NO;
				ENABLE_STRICT_OBJC_MSGSEND = YES;
				GCC_C_LANGUAGE_STANDARD = gnu11;
				GCC_NO_COMMON_BLOCKS = YES;
				GCC_WARN_64_TO_32_BIT_CONVERSION = YES;
				GCC_WARN_ABOUT_RETURN_TYPE = YES_ERROR;
				GCC_WARN_UNDECLARED_SELECTOR = YES;
				GCC_WARN_UNINITIALIZED_AUTOS = YES_AGGRESSIVE;
				GCC_WARN_UNUSED_FUNCTION = YES;
				GCC_WARN_UNUSED_VARIABLE = YES;
				IPHONEOS_DEPLOYMENT_TARGET = 16.4;
				MTL_ENABLE_DEBUG_INFO = NO;
				MTL_FAST_MATH = YES;
				SDKROOT = iphoneos;
				SWIFT_COMPILATION_MODE = wholemodule;
				SWIFT_OPTIMIZATION_LEVEL = "-O";
				VALIDATE_PRODUCT = YES;
			};
			name = Release;
		};
		48F5397B2C06D6A6008DAECE /* Debug */ = {
			isa = XCBuildConfiguration;
			baseConfigurationReference = F3FF1C88140954CDD8311868 /* Pods-NHLSimulatorApp.debug.xcconfig */;
			buildSettings = {
				ASSETCATALOG_COMPILER_APPICON_NAME = AppIcon;
				ASSETCATALOG_COMPILER_GLOBAL_ACCENT_COLOR_NAME = AccentColor;
				CODE_SIGN_STYLE = Automatic;
				CURRENT_PROJECT_VERSION = 1;
				DEVELOPMENT_ASSET_PATHS = "\"NHLSimulatorApp\"";
				ENABLE_PREVIEWS = YES;
				GENERATE_INFOPLIST_FILE = YES;
				INFOPLIST_KEY_UIApplicationSceneManifest_Generation = YES;
				INFOPLIST_KEY_UIApplicationSupportsIndirectInputEvents = YES;
				INFOPLIST_KEY_UILaunchScreen_Generation = YES;
				INFOPLIST_KEY_UISupportedInterfaceOrientations_iPad = "UIInterfaceOrientationPortrait UIInterfaceOrientationPortraitUpsideDown UIInterfaceOrientationLandscapeLeft UIInterfaceOrientationLandscapeRight";
				INFOPLIST_KEY_UISupportedInterfaceOrientations_iPhone = "UIInterfaceOrientationPortrait UIInterfaceOrientationLandscapeLeft UIInterfaceOrientationLandscapeRight";
				LD_RUNPATH_SEARCH_PATHS = (
					"$(inherited)",
					"@executable_path/Frameworks",
				);
				MARKETING_VERSION = 1.0;
				PRODUCT_BUNDLE_IDENTIFIER = KevinWang.NHLSimulatorApp;
				PRODUCT_NAME = "$(TARGET_NAME)";
				SWIFT_EMIT_LOC_STRINGS = YES;
				SWIFT_VERSION = 5.0;
				TARGETED_DEVICE_FAMILY = "1,2";
			};
			name = Debug;
		};
		48F5397C2C06D6A6008DAECE /* Release */ = {
			isa = XCBuildConfiguration;
			baseConfigurationReference = 6BFD4334678354D28991C365 /* Pods-NHLSimulatorApp.release.xcconfig */;
			buildSettings = {
				ASSETCATALOG_COMPILER_APPICON_NAME = AppIcon;
				ASSETCATALOG_COMPILER_GLOBAL_ACCENT_COLOR_NAME = AccentColor;
				CODE_SIGN_STYLE = Automatic;
				CURRENT_PROJECT_VERSION = 1;
				DEVELOPMENT_ASSET_PATHS = "\"NHLSimulatorApp\"";
				ENABLE_PREVIEWS = YES;
				GENERATE_INFOPLIST_FILE = YES;
				INFOPLIST_KEY_UIApplicationSceneManifest_Generation = YES;
				INFOPLIST_KEY_UIApplicationSupportsIndirectInputEvents = YES;
				INFOPLIST_KEY_UILaunchScreen_Generation = YES;
				INFOPLIST_KEY_UISupportedInterfaceOrientations_iPad = "UIInterfaceOrientationPortrait UIInterfaceOrientationPortraitUpsideDown UIInterfaceOrientationLandscapeLeft UIInterfaceOrientationLandscapeRight";
				INFOPLIST_KEY_UISupportedInterfaceOrientations_iPhone = "UIInterfaceOrientationPortrait UIInterfaceOrientationLandscapeLeft UIInterfaceOrientationLandscapeRight";
				LD_RUNPATH_SEARCH_PATHS = (
					"$(inherited)",
					"@executable_path/Frameworks",
				);
				MARKETING_VERSION = 1.0;
				PRODUCT_BUNDLE_IDENTIFIER = KevinWang.NHLSimulatorApp;
				PRODUCT_NAME = "$(TARGET_NAME)";
				SWIFT_EMIT_LOC_STRINGS = YES;
				SWIFT_VERSION = 5.0;
				TARGETED_DEVICE_FAMILY = "1,2";
			};
			name = Release;
		};
		48F5397E2C06D6A6008DAECE /* Debug */ = {
			isa = XCBuildConfiguration;
			baseConfigurationReference = 67573A80799E4E329031C137 /* Pods-NHLSimulatorAppTests.debug.xcconfig */;
			buildSettings = {
				ALWAYS_EMBED_SWIFT_STANDARD_LIBRARIES = YES;
				BUNDLE_LOADER = "$(TEST_HOST)";
				CODE_SIGN_STYLE = Automatic;
				CURRENT_PROJECT_VERSION = 1;
				GENERATE_INFOPLIST_FILE = YES;
				IPHONEOS_DEPLOYMENT_TARGET = 16.4;
				MARKETING_VERSION = 1.0;
				PRODUCT_BUNDLE_IDENTIFIER = KevinWang.NHLSimulatorAppTests;
				PRODUCT_NAME = "$(TARGET_NAME)";
				SWIFT_EMIT_LOC_STRINGS = NO;
				SWIFT_VERSION = 5.0;
				TARGETED_DEVICE_FAMILY = "1,2";
				TEST_HOST = "$(BUILT_PRODUCTS_DIR)/NHLSimulatorApp.app/$(BUNDLE_EXECUTABLE_FOLDER_PATH)/NHLSimulatorApp";
			};
			name = Debug;
		};
		48F5397F2C06D6A6008DAECE /* Release */ = {
			isa = XCBuildConfiguration;
			baseConfigurationReference = EBCDE8AE453D5AC66B0881FE /* Pods-NHLSimulatorAppTests.release.xcconfig */;
			buildSettings = {
				ALWAYS_EMBED_SWIFT_STANDARD_LIBRARIES = YES;
				BUNDLE_LOADER = "$(TEST_HOST)";
				CODE_SIGN_STYLE = Automatic;
				CURRENT_PROJECT_VERSION = 1;
				GENERATE_INFOPLIST_FILE = YES;
				IPHONEOS_DEPLOYMENT_TARGET = 16.4;
				MARKETING_VERSION = 1.0;
				PRODUCT_BUNDLE_IDENTIFIER = KevinWang.NHLSimulatorAppTests;
				PRODUCT_NAME = "$(TARGET_NAME)";
				SWIFT_EMIT_LOC_STRINGS = NO;
				SWIFT_VERSION = 5.0;
				TARGETED_DEVICE_FAMILY = "1,2";
				TEST_HOST = "$(BUILT_PRODUCTS_DIR)/NHLSimulatorApp.app/$(BUNDLE_EXECUTABLE_FOLDER_PATH)/NHLSimulatorApp";
			};
			name = Release;
		};
		48F539812C06D6A6008DAECE /* Debug */ = {
			isa = XCBuildConfiguration;
			buildSettings = {
				ALWAYS_EMBED_SWIFT_STANDARD_LIBRARIES = YES;
				CODE_SIGN_STYLE = Automatic;
				CURRENT_PROJECT_VERSION = 1;
				GENERATE_INFOPLIST_FILE = YES;
				MARKETING_VERSION = 1.0;
				PRODUCT_BUNDLE_IDENTIFIER = KevinWang.NHLSimulatorAppUITests;
				PRODUCT_NAME = "$(TARGET_NAME)";
				SWIFT_EMIT_LOC_STRINGS = NO;
				SWIFT_VERSION = 5.0;
				TARGETED_DEVICE_FAMILY = "1,2";
				TEST_TARGET_NAME = NHLSimulatorApp;
			};
			name = Debug;
		};
		48F539822C06D6A6008DAECE /* Release */ = {
			isa = XCBuildConfiguration;
			buildSettings = {
				ALWAYS_EMBED_SWIFT_STANDARD_LIBRARIES = YES;
				CODE_SIGN_STYLE = Automatic;
				CURRENT_PROJECT_VERSION = 1;
				GENERATE_INFOPLIST_FILE = YES;
				MARKETING_VERSION = 1.0;
				PRODUCT_BUNDLE_IDENTIFIER = KevinWang.NHLSimulatorAppUITests;
				PRODUCT_NAME = "$(TARGET_NAME)";
				SWIFT_EMIT_LOC_STRINGS = NO;
				SWIFT_VERSION = 5.0;
				TARGETED_DEVICE_FAMILY = "1,2";
				TEST_TARGET_NAME = NHLSimulatorApp;
			};
			name = Release;
		};
/* End XCBuildConfiguration section */

/* Begin XCConfigurationList section */
		48F539512C06D6A1008DAECE /* Build configuration list for PBXProject "NHLSimulatorApp" */ = {
			isa = XCConfigurationList;
			buildConfigurations = (
				48F539782C06D6A6008DAECE /* Debug */,
				48F539792C06D6A6008DAECE /* Release */,
			);
			defaultConfigurationIsVisible = 0;
			defaultConfigurationName = Release;
		};
		48F5397A2C06D6A6008DAECE /* Build configuration list for PBXNativeTarget "NHLSimulatorApp" */ = {
			isa = XCConfigurationList;
			buildConfigurations = (
				48F5397B2C06D6A6008DAECE /* Debug */,
				48F5397C2C06D6A6008DAECE /* Release */,
			);
			defaultConfigurationIsVisible = 0;
			defaultConfigurationName = Release;
		};
		48F5397D2C06D6A6008DAECE /* Build configuration list for PBXNativeTarget "NHLSimulatorAppTests" */ = {
			isa = XCConfigurationList;
			buildConfigurations = (
				48F5397E2C06D6A6008DAECE /* Debug */,
				48F5397F2C06D6A6008DAECE /* Release */,
			);
			defaultConfigurationIsVisible = 0;
			defaultConfigurationName = Release;
		};
		48F539802C06D6A6008DAECE /* Build configuration list for PBXNativeTarget "NHLSimulatorAppUITests" */ = {
			isa = XCConfigurationList;
			buildConfigurations = (
				48F539812C06D6A6008DAECE /* Debug */,
				48F539822C06D6A6008DAECE /* Release */,
			);
			defaultConfigurationIsVisible = 0;
			defaultConfigurationName = Release;
		};
/* End XCConfigurationList section */

/* Begin XCRemoteSwiftPackageReference section */
		481537502C40B0D0002A0FBF /* XCRemoteSwiftPackageReference "SDWebImageSVGCoder" */ = {
			isa = XCRemoteSwiftPackageReference;
			repositoryURL = "https://github.com/SDWebImage/SDWebImageSVGCoder";
			requirement = {
				kind = upToNextMajorVersion;
				minimumVersion = 1.0.0;
			};
		};
		481537532C40B0F0002A0FBF /* XCRemoteSwiftPackageReference "SDWebImageSwiftUI" */ = {
			isa = XCRemoteSwiftPackageReference;
			repositoryURL = "https://github.com/SDWebImage/SDWebImageSwiftUI";
			requirement = {
				kind = upToNextMajorVersion;
				minimumVersion = 3.0.0;
			};
		};
/* End XCRemoteSwiftPackageReference section */

/* Begin XCSwiftPackageProductDependency section */
		481537512C40B0D0002A0FBF /* SDWebImageSVGCoder */ = {
			isa = XCSwiftPackageProductDependency;
			package = 481537502C40B0D0002A0FBF /* XCRemoteSwiftPackageReference "SDWebImageSVGCoder" */;
			productName = SDWebImageSVGCoder;
		};
		481537542C40B0F0002A0FBF /* SDWebImageSwiftUI */ = {
			isa = XCSwiftPackageProductDependency;
			package = 481537532C40B0F0002A0FBF /* XCRemoteSwiftPackageReference "SDWebImageSwiftUI" */;
			productName = SDWebImageSwiftUI;
		};
/* End XCSwiftPackageProductDependency section */

/* Begin XCVersionGroup section */
		48DCAC132C3DFBA1000CEBB3 /* NHLSimulatorAppModel.xcdatamodeld */ = {
			isa = XCVersionGroup;
			children = (
				48DCAC142C3DFBA1000CEBB3 /* NHLSimulatorAppModel.xcdatamodel */,
			);
			currentVersion = 48DCAC142C3DFBA1000CEBB3 /* NHLSimulatorAppModel.xcdatamodel */;
			path = NHLSimulatorAppModel.xcdatamodeld;
			sourceTree = "<group>";
			versionGroupType = wrapper.xcdatamodel;
		};
/* End XCVersionGroup section */
	};
	rootObject = 48F5394E2C06D6A1008DAECE /* Project object */;
}
