// !$*UTF8*$!
{
	archiveVersion = 1;
	classes = {
	};
	objectVersion = 56;
	objects = {

/* Begin PBXBuildFile section */
		48F5395A2C06D6A1008DAECE /* NHLSimulatorAppApp.swift in Sources */ = {isa = PBXBuildFile; fileRef = 48F539592C06D6A1008DAECE /* NHLSimulatorAppApp.swift */; };
		48F5395C2C06D6A1008DAECE /* ContentView.swift in Sources */ = {isa = PBXBuildFile; fileRef = 48F5395B2C06D6A1008DAECE /* ContentView.swift */; };
		48F5395E2C06D6A5008DAECE /* Assets.xcassets in Resources */ = {isa = PBXBuildFile; fileRef = 48F5395D2C06D6A5008DAECE /* Assets.xcassets */; };
		48F539612C06D6A5008DAECE /* Preview Assets.xcassets in Resources */ = {isa = PBXBuildFile; fileRef = 48F539602C06D6A5008DAECE /* Preview Assets.xcassets */; };
		48F5396B2C06D6A6008DAECE /* NHLSimulatorAppTests.swift in Sources */ = {isa = PBXBuildFile; fileRef = 48F5396A2C06D6A6008DAECE /* NHLSimulatorAppTests.swift */; };
		48F539752C06D6A6008DAECE /* NHLSimulatorAppUITests.swift in Sources */ = {isa = PBXBuildFile; fileRef = 48F539742C06D6A6008DAECE /* NHLSimulatorAppUITests.swift */; };
		48F539772C06D6A6008DAECE /* NHLSimulatorAppUITestsLaunchTests.swift in Sources */ = {isa = PBXBuildFile; fileRef = 48F539762C06D6A6008DAECE /* NHLSimulatorAppUITestsLaunchTests.swift */; };
/* End PBXBuildFile section */

/* Begin PBXContainerItemProxy section */
		48F539672C06D6A6008DAECE /* PBXContainerItemProxy */ = {
			isa = PBXContainerItemProxy;
			containerPortal = 48F5394E2C06D6A1008DAECE /* Project object */;
			proxyType = 1;
			remoteGlobalIDString = 48F539552C06D6A1008DAECE;
			remoteInfo = NHLSimulatorApp;
		};
		48F539712C06D6A6008DAECE /* PBXContainerItemProxy */ = {
			isa = PBXContainerItemProxy;
			containerPortal = 48F5394E2C06D6A1008DAECE /* Project object */;
			proxyType = 1;
			remoteGlobalIDString = 48F539552C06D6A1008DAECE;
			remoteInfo = NHLSimulatorApp;
		};
/* End PBXContainerItemProxy section */

/* Begin PBXFileReference section */
		48F539562C06D6A1008DAECE /* NHLSimulatorApp.app */ = {isa = PBXFileReference; explicitFileType = wrapper.application; includeInIndex = 0; path = NHLSimulatorApp.app; sourceTree = BUILT_PRODUCTS_DIR; };
		48F539592C06D6A1008DAECE /* NHLSimulatorAppApp.swift */ = {isa = PBXFileReference; lastKnownFileType = sourcecode.swift; path = NHLSimulatorAppApp.swift; sourceTree = "<group>"; };
		48F5395B2C06D6A1008DAECE /* ContentView.swift */ = {isa = PBXFileReference; lastKnownFileType = sourcecode.swift; path = ContentView.swift; sourceTree = "<group>"; };
		48F5395D2C06D6A5008DAECE /* Assets.xcassets */ = {isa = PBXFileReference; lastKnownFileType = folder.assetcatalog; path = Assets.xcassets; sourceTree = "<group>"; };
		48F539602C06D6A5008DAECE /* Preview Assets.xcassets */ = {isa = PBXFileReference; lastKnownFileType = folder.assetcatalog; path = "Preview Assets.xcassets"; sourceTree = "<group>"; };
		48F539662C06D6A6008DAECE /* NHLSimulatorAppTests.xctest */ = {isa = PBXFileReference; explicitFileType = wrapper.cfbundle; includeInIndex = 0; path = NHLSimulatorAppTests.xctest; sourceTree = BUILT_PRODUCTS_DIR; };
		48F5396A2C06D6A6008DAECE /* NHLSimulatorAppTests.swift */ = {isa = PBXFileReference; lastKnownFileType = sourcecode.swift; path = NHLSimulatorAppTests.swift; sourceTree = "<group>"; };
		48F539702C06D6A6008DAECE /* NHLSimulatorAppUITests.xctest */ = {isa = PBXFileReference; explicitFileType = wrapper.cfbundle; includeInIndex = 0; path = NHLSimulatorAppUITests.xctest; sourceTree = BUILT_PRODUCTS_DIR; };
		48F539742C06D6A6008DAECE /* NHLSimulatorAppUITests.swift */ = {isa = PBXFileReference; lastKnownFileType = sourcecode.swift; path = NHLSimulatorAppUITests.swift; sourceTree = "<group>"; };
		48F539762C06D6A6008DAECE /* NHLSimulatorAppUITestsLaunchTests.swift */ = {isa = PBXFileReference; lastKnownFileType = sourcecode.swift; path = NHLSimulatorAppUITestsLaunchTests.swift; sourceTree = "<group>"; };
/* End PBXFileReference section */

/* Begin PBXFrameworksBuildPhase section */
		48F539532C06D6A1008DAECE /* Frameworks */ = {
			isa = PBXFrameworksBuildPhase;
			buildActionMask = 2147483647;
			files = (
			);
			runOnlyForDeploymentPostprocessing = 0;
		};
		48F539632C06D6A6008DAECE /* Frameworks */ = {
			isa = PBXFrameworksBuildPhase;
			buildActionMask = 2147483647;
			files = (
			);
			runOnlyForDeploymentPostprocessing = 0;
		};
		48F5396D2C06D6A6008DAECE /* Frameworks */ = {
			isa = PBXFrameworksBuildPhase;
			buildActionMask = 2147483647;
			files = (
			);
			runOnlyForDeploymentPostprocessing = 0;
		};
/* End PBXFrameworksBuildPhase section */

/* Begin PBXGroup section */
		48F5394D2C06D6A1008DAECE = {
			isa = PBXGroup;
			children = (
				48F539582C06D6A1008DAECE /* NHLSimulatorApp */,
				48F539692C06D6A6008DAECE /* NHLSimulatorAppTests */,
				48F539732C06D6A6008DAECE /* NHLSimulatorAppUITests */,
				48F539572C06D6A1008DAECE /* Products */,
			);
			sourceTree = "<group>";
		};
		48F539572C06D6A1008DAECE /* Products */ = {
			isa = PBXGroup;
			children = (
				48F539562C06D6A1008DAECE /* NHLSimulatorApp.app */,
				48F539662C06D6A6008DAECE /* NHLSimulatorAppTests.xctest */,
				48F539702C06D6A6008DAECE /* NHLSimulatorAppUITests.xctest */,
			);
			name = Products;
			sourceTree = "<group>";
		};
		48F539582C06D6A1008DAECE /* NHLSimulatorApp */ = {
			isa = PBXGroup;
			children = (
				48F539592C06D6A1008DAECE /* NHLSimulatorAppApp.swift */,
				48F5395B2C06D6A1008DAECE /* ContentView.swift */,
				48F5395D2C06D6A5008DAECE /* Assets.xcassets */,
				48F5395F2C06D6A5008DAECE /* Preview Content */,
			);
			path = NHLSimulatorApp;
			sourceTree = "<group>";
		};
		48F5395F2C06D6A5008DAECE /* Preview Content */ = {
			isa = PBXGroup;
			children = (
				48F539602C06D6A5008DAECE /* Preview Assets.xcassets */,
			);
			path = "Preview Content";
			sourceTree = "<group>";
		};
		48F539692C06D6A6008DAECE /* NHLSimulatorAppTests */ = {
			isa = PBXGroup;
			children = (
				48F5396A2C06D6A6008DAECE /* NHLSimulatorAppTests.swift */,
			);
			path = NHLSimulatorAppTests;
			sourceTree = "<group>";
		};
		48F539732C06D6A6008DAECE /* NHLSimulatorAppUITests */ = {
			isa = PBXGroup;
			children = (
				48F539742C06D6A6008DAECE /* NHLSimulatorAppUITests.swift */,
				48F539762C06D6A6008DAECE /* NHLSimulatorAppUITestsLaunchTests.swift */,
			);
			path = NHLSimulatorAppUITests;
			sourceTree = "<group>";
		};
/* End PBXGroup section */

/* Begin PBXNativeTarget section */
		48F539552C06D6A1008DAECE /* NHLSimulatorApp */ = {
			isa = PBXNativeTarget;
			buildConfigurationList = 48F5397A2C06D6A6008DAECE /* Build configuration list for PBXNativeTarget "NHLSimulatorApp" */;
			buildPhases = (
				48F539522C06D6A1008DAECE /* Sources */,
				48F539532C06D6A1008DAECE /* Frameworks */,
				48F539542C06D6A1008DAECE /* Resources */,
			);
			buildRules = (
			);
			dependencies = (
			);
			name = NHLSimulatorApp;
			productName = NHLSimulatorApp;
			productReference = 48F539562C06D6A1008DAECE /* NHLSimulatorApp.app */;
			productType = "com.apple.product-type.application";
		};
		48F539652C06D6A6008DAECE /* NHLSimulatorAppTests */ = {
			isa = PBXNativeTarget;
			buildConfigurationList = 48F5397D2C06D6A6008DAECE /* Build configuration list for PBXNativeTarget "NHLSimulatorAppTests" */;
			buildPhases = (
				48F539622C06D6A6008DAECE /* Sources */,
				48F539632C06D6A6008DAECE /* Frameworks */,
				48F539642C06D6A6008DAECE /* Resources */,
			);
			buildRules = (
			);
			dependencies = (
				48F539682C06D6A6008DAECE /* PBXTargetDependency */,
			);
			name = NHLSimulatorAppTests;
			productName = NHLSimulatorAppTests;
			productReference = 48F539662C06D6A6008DAECE /* NHLSimulatorAppTests.xctest */;
			productType = "com.apple.product-type.bundle.unit-test";
		};
		48F5396F2C06D6A6008DAECE /* NHLSimulatorAppUITests */ = {
			isa = PBXNativeTarget;
			buildConfigurationList = 48F539802C06D6A6008DAECE /* Build configuration list for PBXNativeTarget "NHLSimulatorAppUITests" */;
			buildPhases = (
				48F5396C2C06D6A6008DAECE /* Sources */,
				48F5396D2C06D6A6008DAECE /* Frameworks */,
				48F5396E2C06D6A6008DAECE /* Resources */,
			);
			buildRules = (
			);
			dependencies = (
				48F539722C06D6A6008DAECE /* PBXTargetDependency */,
			);
			name = NHLSimulatorAppUITests;
			productName = NHLSimulatorAppUITests;
			productReference = 48F539702C06D6A6008DAECE /* NHLSimulatorAppUITests.xctest */;
			productType = "com.apple.product-type.bundle.ui-testing";
		};
/* End PBXNativeTarget section */

/* Begin PBXProject section */
		48F5394E2C06D6A1008DAECE /* Project object */ = {
			isa = PBXProject;
			attributes = {
				BuildIndependentTargetsInParallel = 1;
				LastSwiftUpdateCheck = 1430;
				LastUpgradeCheck = 1430;
				TargetAttributes = {
					48F539552C06D6A1008DAECE = {
						CreatedOnToolsVersion = 14.3.1;
					};
					48F539652C06D6A6008DAECE = {
						CreatedOnToolsVersion = 14.3.1;
						TestTargetID = 48F539552C06D6A1008DAECE;
					};
					48F5396F2C06D6A6008DAECE = {
						CreatedOnToolsVersion = 14.3.1;
						TestTargetID = 48F539552C06D6A1008DAECE;
					};
				};
			};
			buildConfigurationList = 48F539512C06D6A1008DAECE /* Build configuration list for PBXProject "NHLSimulatorApp" */;
			compatibilityVersion = "Xcode 14.0";
			developmentRegion = en;
			hasScannedForEncodings = 0;
			knownRegions = (
				en,
				Base,
			);
			mainGroup = 48F5394D2C06D6A1008DAECE;
			productRefGroup = 48F539572C06D6A1008DAECE /* Products */;
			projectDirPath = "";
			projectRoot = "";
			targets = (
				48F539552C06D6A1008DAECE /* NHLSimulatorApp */,
				48F539652C06D6A6008DAECE /* NHLSimulatorAppTests */,
				48F5396F2C06D6A6008DAECE /* NHLSimulatorAppUITests */,
			);
		};
/* End PBXProject section */

/* Begin PBXResourcesBuildPhase section */
		48F539542C06D6A1008DAECE /* Resources */ = {
			isa = PBXResourcesBuildPhase;
			buildActionMask = 2147483647;
			files = (
				48F539612C06D6A5008DAECE /* Preview Assets.xcassets in Resources */,
				48F5395E2C06D6A5008DAECE /* Assets.xcassets in Resources */,
			);
			runOnlyForDeploymentPostprocessing = 0;
		};
		48F539642C06D6A6008DAECE /* Resources */ = {
			isa = PBXResourcesBuildPhase;
			buildActionMask = 2147483647;
			files = (
			);
			runOnlyForDeploymentPostprocessing = 0;
		};
		48F5396E2C06D6A6008DAECE /* Resources */ = {
			isa = PBXResourcesBuildPhase;
			buildActionMask = 2147483647;
			files = (
			);
			runOnlyForDeploymentPostprocessing = 0;
		};
/* End PBXResourcesBuildPhase section */

/* Begin PBXSourcesBuildPhase section */
		48F539522C06D6A1008DAECE /* Sources */ = {
			isa = PBXSourcesBuildPhase;
			buildActionMask = 2147483647;
			files = (
				48F5395C2C06D6A1008DAECE /* ContentView.swift in Sources */,
				48F5395A2C06D6A1008DAECE /* NHLSimulatorAppApp.swift in Sources */,
			);
			runOnlyForDeploymentPostprocessing = 0;
		};
		48F539622C06D6A6008DAECE /* Sources */ = {
			isa = PBXSourcesBuildPhase;
			buildActionMask = 2147483647;
			files = (
				48F5396B2C06D6A6008DAECE /* NHLSimulatorAppTests.swift in Sources */,
			);
			runOnlyForDeploymentPostprocessing = 0;
		};
		48F5396C2C06D6A6008DAECE /* Sources */ = {
			isa = PBXSourcesBuildPhase;
			buildActionMask = 2147483647;
			files = (
				48F539772C06D6A6008DAECE /* NHLSimulatorAppUITestsLaunchTests.swift in Sources */,
				48F539752C06D6A6008DAECE /* NHLSimulatorAppUITests.swift in Sources */,
			);
			runOnlyForDeploymentPostprocessing = 0;
		};
/* End PBXSourcesBuildPhase section */

/* Begin PBXTargetDependency section */
		48F539682C06D6A6008DAECE /* PBXTargetDependency */ = {
			isa = PBXTargetDependency;
			target = 48F539552C06D6A1008DAECE /* NHLSimulatorApp */;
			targetProxy = 48F539672C06D6A6008DAECE /* PBXContainerItemProxy */;
		};
		48F539722C06D6A6008DAECE /* PBXTargetDependency */ = {
			isa = PBXTargetDependency;
			target = 48F539552C06D6A1008DAECE /* NHLSimulatorApp */;
			targetProxy = 48F539712C06D6A6008DAECE /* PBXContainerItemProxy */;
		};
/* End PBXTargetDependency section */

/* Begin XCBuildConfiguration section */
		48F539782C06D6A6008DAECE /* Debug */ = {
			isa = XCBuildConfiguration;
			buildSettings = {
				ALWAYS_SEARCH_USER_PATHS = NO;
				CLANG_ANALYZER_NONNULL = YES;
				CLANG_ANALYZER_NUMBER_OBJECT_CONVERSION = YES_AGGRESSIVE;
				CLANG_CXX_LANGUAGE_STANDARD = "gnu++20";
				CLANG_ENABLE_MODULES = YES;
				CLANG_ENABLE_OBJC_ARC = YES;
				CLANG_ENABLE_OBJC_WEAK = YES;
				CLANG_WARN_BLOCK_CAPTURE_AUTORELEASING = YES;
				CLANG_WARN_BOOL_CONVERSION = YES;
				CLANG_WARN_COMMA = YES;
				CLANG_WARN_CONSTANT_CONVERSION = YES;
				CLANG_WARN_DEPRECATED_OBJC_IMPLEMENTATIONS = YES;
				CLANG_WARN_DIRECT_OBJC_ISA_USAGE = YES_ERROR;
				CLANG_WARN_DOCUMENTATION_COMMENTS = YES;
				CLANG_WARN_EMPTY_BODY = YES;
				CLANG_WARN_ENUM_CONVERSION = YES;
				CLANG_WARN_INFINITE_RECURSION = YES;
				CLANG_WARN_INT_CONVERSION = YES;
				CLANG_WARN_NON_LITERAL_NULL_CONVERSION = YES;
				CLANG_WARN_OBJC_IMPLICIT_RETAIN_SELF = YES;
				CLANG_WARN_OBJC_LITERAL_CONVERSION = YES;
				CLANG_WARN_OBJC_ROOT_CLASS = YES_ERROR;
				CLANG_WARN_QUOTED_INCLUDE_IN_FRAMEWORK_HEADER = YES;
				CLANG_WARN_RANGE_LOOP_ANALYSIS = YES;
				CLANG_WARN_STRICT_PROTOTYPES = YES;
				CLANG_WARN_SUSPICIOUS_MOVE = YES;
				CLANG_WARN_UNGUARDED_AVAILABILITY = YES_AGGRESSIVE;
				CLANG_WARN_UNREACHABLE_CODE = YES;
				CLANG_WARN__DUPLICATE_METHOD_MATCH = YES;
				COPY_PHASE_STRIP = NO;
				DEBUG_INFORMATION_FORMAT = dwarf;
				ENABLE_STRICT_OBJC_MSGSEND = YES;
				ENABLE_TESTABILITY = YES;
				GCC_C_LANGUAGE_STANDARD = gnu11;
				GCC_DYNAMIC_NO_PIC = NO;
				GCC_NO_COMMON_BLOCKS = YES;
				GCC_OPTIMIZATION_LEVEL = 0;
				GCC_PREPROCESSOR_DEFINITIONS = (
					"DEBUG=1",
					"$(inherited)",
				);
				GCC_WARN_64_TO_32_BIT_CONVERSION = YES;
				GCC_WARN_ABOUT_RETURN_TYPE = YES_ERROR;
				GCC_WARN_UNDECLARED_SELECTOR = YES;
				GCC_WARN_UNINITIALIZED_AUTOS = YES_AGGRESSIVE;
				GCC_WARN_UNUSED_FUNCTION = YES;
				GCC_WARN_UNUSED_VARIABLE = YES;
				IPHONEOS_DEPLOYMENT_TARGET = 16.4;
				MTL_ENABLE_DEBUG_INFO = INCLUDE_SOURCE;
				MTL_FAST_MATH = YES;
				ONLY_ACTIVE_ARCH = YES;
				SDKROOT = iphoneos;
				SWIFT_ACTIVE_COMPILATION_CONDITIONS = DEBUG;
				SWIFT_OPTIMIZATION_LEVEL = "-Onone";
			};
			name = Debug;
		};
		48F539792C06D6A6008DAECE /* Release */ = {
			isa = XCBuildConfiguration;
			buildSettings = {
				ALWAYS_SEARCH_USER_PATHS = NO;
				CLANG_ANALYZER_NONNULL = YES;
				CLANG_ANALYZER_NUMBER_OBJECT_CONVERSION = YES_AGGRESSIVE;
				CLANG_CXX_LANGUAGE_STANDARD = "gnu++20";
				CLANG_ENABLE_MODULES = YES;
				CLANG_ENABLE_OBJC_ARC = YES;
				CLANG_ENABLE_OBJC_WEAK = YES;
				CLANG_WARN_BLOCK_CAPTURE_AUTORELEASING = YES;
				CLANG_WARN_BOOL_CONVERSION = YES;
				CLANG_WARN_COMMA = YES;
				CLANG_WARN_CONSTANT_CONVERSION = YES;
				CLANG_WARN_DEPRECATED_OBJC_IMPLEMENTATIONS = YES;
				CLANG_WARN_DIRECT_OBJC_ISA_USAGE = YES_ERROR;
				CLANG_WARN_DOCUMENTATION_COMMENTS = YES;
				CLANG_WARN_EMPTY_BODY = YES;
				CLANG_WARN_ENUM_CONVERSION = YES;
				CLANG_WARN_INFINITE_RECURSION = YES;
				CLANG_WARN_INT_CONVERSION = YES;
				CLANG_WARN_NON_LITERAL_NULL_CONVERSION = YES;
				CLANG_WARN_OBJC_IMPLICIT_RETAIN_SELF = YES;
				CLANG_WARN_OBJC_LITERAL_CONVERSION = YES;
				CLANG_WARN_OBJC_ROOT_CLASS = YES_ERROR;
				CLANG_WARN_QUOTED_INCLUDE_IN_FRAMEWORK_HEADER = YES;
				CLANG_WARN_RANGE_LOOP_ANALYSIS = YES;
				CLANG_WARN_STRICT_PROTOTYPES = YES;
				CLANG_WARN_SUSPICIOUS_MOVE = YES;
				CLANG_WARN_UNGUARDED_AVAILABILITY = YES_AGGRESSIVE;
				CLANG_WARN_UNREACHABLE_CODE = YES;
				CLANG_WARN__DUPLICATE_METHOD_MATCH = YES;
				COPY_PHASE_STRIP = NO;
				DEBUG_INFORMATION_FORMAT = "dwarf-with-dsym";
				ENABLE_NS_ASSERTIONS = NO;
				ENABLE_STRICT_OBJC_MSGSEND = YES;
				GCC_C_LANGUAGE_STANDARD = gnu11;
				GCC_NO_COMMON_BLOCKS = YES;
				GCC_WARN_64_TO_32_BIT_CONVERSION = YES;
				GCC_WARN_ABOUT_RETURN_TYPE = YES_ERROR;
				GCC_WARN_UNDECLARED_SELECTOR = YES;
				GCC_WARN_UNINITIALIZED_AUTOS = YES_AGGRESSIVE;
				GCC_WARN_UNUSED_FUNCTION = YES;
				GCC_WARN_UNUSED_VARIABLE = YES;
				IPHONEOS_DEPLOYMENT_TARGET = 16.4;
				MTL_ENABLE_DEBUG_INFO = NO;
				MTL_FAST_MATH = YES;
				SDKROOT = iphoneos;
				SWIFT_COMPILATION_MODE = wholemodule;
				SWIFT_OPTIMIZATION_LEVEL = "-O";
				VALIDATE_PRODUCT = YES;
			};
			name = Release;
		};
		48F5397B2C06D6A6008DAECE /* Debug */ = {
			isa = XCBuildConfiguration;
			buildSettings = {
				ASSETCATALOG_COMPILER_APPICON_NAME = AppIcon;
				ASSETCATALOG_COMPILER_GLOBAL_ACCENT_COLOR_NAME = AccentColor;
				CODE_SIGN_STYLE = Automatic;
				CURRENT_PROJECT_VERSION = 1;
				DEVELOPMENT_ASSET_PATHS = "\"NHLSimulatorApp/Preview Content\"";
				ENABLE_PREVIEWS = YES;
				GENERATE_INFOPLIST_FILE = YES;
				INFOPLIST_KEY_UIApplicationSceneManifest_Generation = YES;
				INFOPLIST_KEY_UIApplicationSupportsIndirectInputEvents = YES;
				INFOPLIST_KEY_UILaunchScreen_Generation = YES;
				INFOPLIST_KEY_UISupportedInterfaceOrientations_iPad = "UIInterfaceOrientationPortrait UIInterfaceOrientationPortraitUpsideDown UIInterfaceOrientationLandscapeLeft UIInterfaceOrientationLandscapeRight";
				INFOPLIST_KEY_UISupportedInterfaceOrientations_iPhone = "UIInterfaceOrientationPortrait UIInterfaceOrientationLandscapeLeft UIInterfaceOrientationLandscapeRight";
				LD_RUNPATH_SEARCH_PATHS = (
					"$(inherited)",
					"@executable_path/Frameworks",
				);
				MARKETING_VERSION = 1.0;
				PRODUCT_BUNDLE_IDENTIFIER = KevinWang.NHLSimulatorApp;
				PRODUCT_NAME = "$(TARGET_NAME)";
				SWIFT_EMIT_LOC_STRINGS = YES;
				SWIFT_VERSION = 5.0;
				TARGETED_DEVICE_FAMILY = "1,2";
			};
			name = Debug;
		};
		48F5397C2C06D6A6008DAECE /* Release */ = {
			isa = XCBuildConfiguration;
			buildSettings = {
				ASSETCATALOG_COMPILER_APPICON_NAME = AppIcon;
				ASSETCATALOG_COMPILER_GLOBAL_ACCENT_COLOR_NAME = AccentColor;
				CODE_SIGN_STYLE = Automatic;
				CURRENT_PROJECT_VERSION = 1;
				DEVELOPMENT_ASSET_PATHS = "\"NHLSimulatorApp/Preview Content\"";
				ENABLE_PREVIEWS = YES;
				GENERATE_INFOPLIST_FILE = YES;
				INFOPLIST_KEY_UIApplicationSceneManifest_Generation = YES;
				INFOPLIST_KEY_UIApplicationSupportsIndirectInputEvents = YES;
				INFOPLIST_KEY_UILaunchScreen_Generation = YES;
				INFOPLIST_KEY_UISupportedInterfaceOrientations_iPad = "UIInterfaceOrientationPortrait UIInterfaceOrientationPortraitUpsideDown UIInterfaceOrientationLandscapeLeft UIInterfaceOrientationLandscapeRight";
				INFOPLIST_KEY_UISupportedInterfaceOrientations_iPhone = "UIInterfaceOrientationPortrait UIInterfaceOrientationLandscapeLeft UIInterfaceOrientationLandscapeRight";
				LD_RUNPATH_SEARCH_PATHS = (
					"$(inherited)",
					"@executable_path/Frameworks",
				);
				MARKETING_VERSION = 1.0;
				PRODUCT_BUNDLE_IDENTIFIER = KevinWang.NHLSimulatorApp;
				PRODUCT_NAME = "$(TARGET_NAME)";
				SWIFT_EMIT_LOC_STRINGS = YES;
				SWIFT_VERSION = 5.0;
				TARGETED_DEVICE_FAMILY = "1,2";
			};
			name = Release;
		};
		48F5397E2C06D6A6008DAECE /* Debug */ = {
			isa = XCBuildConfiguration;
			buildSettings = {
				ALWAYS_EMBED_SWIFT_STANDARD_LIBRARIES = YES;
				BUNDLE_LOADER = "$(TEST_HOST)";
				CODE_SIGN_STYLE = Automatic;
				CURRENT_PROJECT_VERSION = 1;
				GENERATE_INFOPLIST_FILE = YES;
				IPHONEOS_DEPLOYMENT_TARGET = 16.4;
				MARKETING_VERSION = 1.0;
				PRODUCT_BUNDLE_IDENTIFIER = KevinWang.NHLSimulatorAppTests;
				PRODUCT_NAME = "$(TARGET_NAME)";
				SWIFT_EMIT_LOC_STRINGS = NO;
				SWIFT_VERSION = 5.0;
				TARGETED_DEVICE_FAMILY = "1,2";
				TEST_HOST = "$(BUILT_PRODUCTS_DIR)/NHLSimulatorApp.app/$(BUNDLE_EXECUTABLE_FOLDER_PATH)/NHLSimulatorApp";
			};
			name = Debug;
		};
		48F5397F2C06D6A6008DAECE /* Release */ = {
			isa = XCBuildConfiguration;
			buildSettings = {
				ALWAYS_EMBED_SWIFT_STANDARD_LIBRARIES = YES;
				BUNDLE_LOADER = "$(TEST_HOST)";
				CODE_SIGN_STYLE = Automatic;
				CURRENT_PROJECT_VERSION = 1;
				GENERATE_INFOPLIST_FILE = YES;
				IPHONEOS_DEPLOYMENT_TARGET = 16.4;
				MARKETING_VERSION = 1.0;
				PRODUCT_BUNDLE_IDENTIFIER = KevinWang.NHLSimulatorAppTests;
				PRODUCT_NAME = "$(TARGET_NAME)";
				SWIFT_EMIT_LOC_STRINGS = NO;
				SWIFT_VERSION = 5.0;
				TARGETED_DEVICE_FAMILY = "1,2";
				TEST_HOST = "$(BUILT_PRODUCTS_DIR)/NHLSimulatorApp.app/$(BUNDLE_EXECUTABLE_FOLDER_PATH)/NHLSimulatorApp";
			};
			name = Release;
		};
		48F539812C06D6A6008DAECE /* Debug */ = {
			isa = XCBuildConfiguration;
			buildSettings = {
				ALWAYS_EMBED_SWIFT_STANDARD_LIBRARIES = YES;
				CODE_SIGN_STYLE = Automatic;
				CURRENT_PROJECT_VERSION = 1;
				GENERATE_INFOPLIST_FILE = YES;
				MARKETING_VERSION = 1.0;
				PRODUCT_BUNDLE_IDENTIFIER = KevinWang.NHLSimulatorAppUITests;
				PRODUCT_NAME = "$(TARGET_NAME)";
				SWIFT_EMIT_LOC_STRINGS = NO;
				SWIFT_VERSION = 5.0;
				TARGETED_DEVICE_FAMILY = "1,2";
				TEST_TARGET_NAME = NHLSimulatorApp;
			};
			name = Debug;
		};
		48F539822C06D6A6008DAECE /* Release */ = {
			isa = XCBuildConfiguration;
			buildSettings = {
				ALWAYS_EMBED_SWIFT_STANDARD_LIBRARIES = YES;
				CODE_SIGN_STYLE = Automatic;
				CURRENT_PROJECT_VERSION = 1;
				GENERATE_INFOPLIST_FILE = YES;
				MARKETING_VERSION = 1.0;
				PRODUCT_BUNDLE_IDENTIFIER = KevinWang.NHLSimulatorAppUITests;
				PRODUCT_NAME = "$(TARGET_NAME)";
				SWIFT_EMIT_LOC_STRINGS = NO;
				SWIFT_VERSION = 5.0;
				TARGETED_DEVICE_FAMILY = "1,2";
				TEST_TARGET_NAME = NHLSimulatorApp;
			};
			name = Release;
		};
/* End XCBuildConfiguration section */

/* Begin XCConfigurationList section */
		48F539512C06D6A1008DAECE /* Build configuration list for PBXProject "NHLSimulatorApp" */ = {
			isa = XCConfigurationList;
			buildConfigurations = (
				48F539782C06D6A6008DAECE /* Debug */,
				48F539792C06D6A6008DAECE /* Release */,
			);
			defaultConfigurationIsVisible = 0;
			defaultConfigurationName = Release;
		};
		48F5397A2C06D6A6008DAECE /* Build configuration list for PBXNativeTarget "NHLSimulatorApp" */ = {
			isa = XCConfigurationList;
			buildConfigurations = (
				48F5397B2C06D6A6008DAECE /* Debug */,
				48F5397C2C06D6A6008DAECE /* Release */,
			);
			defaultConfigurationIsVisible = 0;
			defaultConfigurationName = Release;
		};
		48F5397D2C06D6A6008DAECE /* Build configuration list for PBXNativeTarget "NHLSimulatorAppTests" */ = {
			isa = XCConfigurationList;
			buildConfigurations = (
				48F5397E2C06D6A6008DAECE /* Debug */,
				48F5397F2C06D6A6008DAECE /* Release */,
			);
			defaultConfigurationIsVisible = 0;
			defaultConfigurationName = Release;
		};
		48F539802C06D6A6008DAECE /* Build configuration list for PBXNativeTarget "NHLSimulatorAppUITests" */ = {
			isa = XCConfigurationList;
			buildConfigurations = (
				48F539812C06D6A6008DAECE /* Debug */,
				48F539822C06D6A6008DAECE /* Release */,
			);
			defaultConfigurationIsVisible = 0;
			defaultConfigurationName = Release;
		};
/* End XCConfigurationList section */
	};
	rootObject = 48F5394E2C06D6A1008DAECE /* Project object */;
}
