// !$*UTF8*$!
{
	archiveVersion = 1;
	classes = {
	};
	objectVersion = 56;
	objects = {

/* Begin PBXBuildFile section */
		431B81CDF2FE5435A3B307F6 /* Pods_NHLSimulatorApp.framework in Frameworks */ = {isa = PBXBuildFile; fileRef = 8E22CBCBB5260D4F63C09B8A /* Pods_NHLSimulatorApp.framework */; };
		48DCF3482C36230E0079AB67 /* NetworkManager.swift in Sources */ = {isa = PBXBuildFile; fileRef = 48DCF3472C36230E0079AB67 /* NetworkManager.swift */; };
		48DCF34A2C3632DA0079AB67 /* Endpoint.swift in Sources */ = {isa = PBXBuildFile; fileRef = 48DCF3492C3632DA0079AB67 /* Endpoint.swift */; };
		48DCF34F2C373E5F0079AB67 /* SimulationsService.swift in Sources */ = {isa = PBXBuildFile; fileRef = 48DCF34E2C373E5F0079AB67 /* SimulationsService.swift */; };
		48DCF3512C373EAD0079AB67 /* EndpointEnums.swift in Sources */ = {isa = PBXBuildFile; fileRef = 48DCF3502C373EAD0079AB67 /* EndpointEnums.swift */; };
		48DCF3542C37810A0079AB67 /* SimulationData.swift in Sources */ = {isa = PBXBuildFile; fileRef = 48DCF3532C37810A0079AB67 /* SimulationData.swift */; };
		48DCF3592C3787D10079AB67 /* UsersService.swift in Sources */ = {isa = PBXBuildFile; fileRef = 48DCF3582C3787D10079AB67 /* UsersService.swift */; };
		48DCF35B2C3787E40079AB67 /* UserData.swift in Sources */ = {isa = PBXBuildFile; fileRef = 48DCF35A2C3787E40079AB67 /* UserData.swift */; };
		48F5395A2C06D6A1008DAECE /* NHLSimulatorApp.swift in Sources */ = {isa = PBXBuildFile; fileRef = 48F539592C06D6A1008DAECE /* NHLSimulatorApp.swift */; };
		48F5395C2C06D6A1008DAECE /* ContentView.swift in Sources */ = {isa = PBXBuildFile; fileRef = 48F5395B2C06D6A1008DAECE /* ContentView.swift */; };
		48F5395E2C06D6A5008DAECE /* Assets.xcassets in Resources */ = {isa = PBXBuildFile; fileRef = 48F5395D2C06D6A5008DAECE /* Assets.xcassets */; };
		48F539612C06D6A5008DAECE /* Preview Assets.xcassets in Resources */ = {isa = PBXBuildFile; fileRef = 48F539602C06D6A5008DAECE /* Preview Assets.xcassets */; };
		48F5396B2C06D6A6008DAECE /* NHLSimulatorAppTests.swift in Sources */ = {isa = PBXBuildFile; fileRef = 48F5396A2C06D6A6008DAECE /* NHLSimulatorAppTests.swift */; };
		48F539752C06D6A6008DAECE /* NHLSimulatorAppUITests.swift in Sources */ = {isa = PBXBuildFile; fileRef = 48F539742C06D6A6008DAECE /* NHLSimulatorAppUITests.swift */; };
		48F539772C06D6A6008DAECE /* NHLSimulatorAppUITestsLaunchTests.swift in Sources */ = {isa = PBXBuildFile; fileRef = 48F539762C06D6A6008DAECE /* NHLSimulatorAppUITestsLaunchTests.swift */; };
		96BF9E8A1F8AD010B47D9E47 /* Pods_NHLSimulatorAppTests.framework in Frameworks */ = {isa = PBXBuildFile; fileRef = 5E040B321F13CFD59C954923 /* Pods_NHLSimulatorAppTests.framework */; };
/* End PBXBuildFile section */

/* Begin PBXContainerItemProxy section */
		48F539672C06D6A6008DAECE /* PBXContainerItemProxy */ = {
			isa = PBXContainerItemProxy;
			containerPortal = 48F5394E2C06D6A1008DAECE /* Project object */;
			proxyType = 1;
			remoteGlobalIDString = 48F539552C06D6A1008DAECE;
			remoteInfo = NHLSimulatorApp;
		};
		48F539712C06D6A6008DAECE /* PBXContainerItemProxy */ = {
			isa = PBXContainerItemProxy;
			containerPortal = 48F5394E2C06D6A1008DAECE /* Project object */;
			proxyType = 1;
			remoteGlobalIDString = 48F539552C06D6A1008DAECE;
			remoteInfo = NHLSimulatorApp;
		};
/* End PBXContainerItemProxy section */

/* Begin PBXFileReference section */
		48DCF3472C36230E0079AB67 /* NetworkManager.swift */ = {isa = PBXFileReference; lastKnownFileType = sourcecode.swift; path = NetworkManager.swift; sourceTree = "<group>"; };
		48DCF3492C3632DA0079AB67 /* Endpoint.swift */ = {isa = PBXFileReference; lastKnownFileType = sourcecode.swift; path = Endpoint.swift; sourceTree = "<group>"; };
		48DCF34E2C373E5F0079AB67 /* SimulationsService.swift */ = {isa = PBXFileReference; lastKnownFileType = sourcecode.swift; path = SimulationsService.swift; sourceTree = "<group>"; };
		48DCF3502C373EAD0079AB67 /* EndpointEnums.swift */ = {isa = PBXFileReference; lastKnownFileType = sourcecode.swift; path = EndpointEnums.swift; sourceTree = "<group>"; };
		48DCF3532C37810A0079AB67 /* SimulationData.swift */ = {isa = PBXFileReference; lastKnownFileType = sourcecode.swift; path = SimulationData.swift; sourceTree = "<group>"; };
		48DCF3582C3787D10079AB67 /* UsersService.swift */ = {isa = PBXFileReference; lastKnownFileType = sourcecode.swift; path = UsersService.swift; sourceTree = "<group>"; };
		48DCF35A2C3787E40079AB67 /* UserData.swift */ = {isa = PBXFileReference; lastKnownFileType = sourcecode.swift; path = UserData.swift; sourceTree = "<group>"; };
		48F539562C06D6A1008DAECE /* NHLSimulatorApp.app */ = {isa = PBXFileReference; explicitFileType = wrapper.application; includeInIndex = 0; path = NHLSimulatorApp.app; sourceTree = BUILT_PRODUCTS_DIR; };
		48F539592C06D6A1008DAECE /* NHLSimulatorApp.swift */ = {isa = PBXFileReference; lastKnownFileType = sourcecode.swift; path = NHLSimulatorApp.swift; sourceTree = "<group>"; };
		48F5395B2C06D6A1008DAECE /* ContentView.swift */ = {isa = PBXFileReference; lastKnownFileType = sourcecode.swift; path = ContentView.swift; sourceTree = "<group>"; };
		48F5395D2C06D6A5008DAECE /* Assets.xcassets */ = {isa = PBXFileReference; lastKnownFileType = folder.assetcatalog; path = Assets.xcassets; sourceTree = "<group>"; };
		48F539602C06D6A5008DAECE /* Preview Assets.xcassets */ = {isa = PBXFileReference; lastKnownFileType = folder.assetcatalog; path = "Preview Assets.xcassets"; sourceTree = "<group>"; };
		48F539662C06D6A6008DAECE /* NHLSimulatorAppTests.xctest */ = {isa = PBXFileReference; explicitFileType = wrapper.cfbundle; includeInIndex = 0; path = NHLSimulatorAppTests.xctest; sourceTree = BUILT_PRODUCTS_DIR; };
		48F5396A2C06D6A6008DAECE /* NHLSimulatorAppTests.swift */ = {isa = PBXFileReference; lastKnownFileType = sourcecode.swift; path = NHLSimulatorAppTests.swift; sourceTree = "<group>"; };
		48F539702C06D6A6008DAECE /* NHLSimulatorAppUITests.xctest */ = {isa = PBXFileReference; explicitFileType = wrapper.cfbundle; includeInIndex = 0; path = NHLSimulatorAppUITests.xctest; sourceTree = BUILT_PRODUCTS_DIR; };
		48F539742C06D6A6008DAECE /* NHLSimulatorAppUITests.swift */ = {isa = PBXFileReference; lastKnownFileType = sourcecode.swift; path = NHLSimulatorAppUITests.swift; sourceTree = "<group>"; };
		48F539762C06D6A6008DAECE /* NHLSimulatorAppUITestsLaunchTests.swift */ = {isa = PBXFileReference; lastKnownFileType = sourcecode.swift; path = NHLSimulatorAppUITestsLaunchTests.swift; sourceTree = "<group>"; };
		5E040B321F13CFD59C954923 /* Pods_NHLSimulatorAppTests.framework */ = {isa = PBXFileReference; explicitFileType = wrapper.framework; includeInIndex = 0; path = Pods_NHLSimulatorAppTests.framework; sourceTree = BUILT_PRODUCTS_DIR; };
		67573A80799E4E329031C137 /* Pods-NHLSimulatorAppTests.debug.xcconfig */ = {isa = PBXFileReference; includeInIndex = 1; lastKnownFileType = text.xcconfig; name = "Pods-NHLSimulatorAppTests.debug.xcconfig"; path = "../../Pods/Target Support Files/Pods-NHLSimulatorAppTests/Pods-NHLSimulatorAppTests.debug.xcconfig"; sourceTree = "<group>"; };
		6BFD4334678354D28991C365 /* Pods-NHLSimulatorApp.release.xcconfig */ = {isa = PBXFileReference; includeInIndex = 1; lastKnownFileType = text.xcconfig; name = "Pods-NHLSimulatorApp.release.xcconfig"; path = "../../Pods/Target Support Files/Pods-NHLSimulatorApp/Pods-NHLSimulatorApp.release.xcconfig"; sourceTree = "<group>"; };
		8E22CBCBB5260D4F63C09B8A /* Pods_NHLSimulatorApp.framework */ = {isa = PBXFileReference; explicitFileType = wrapper.framework; includeInIndex = 0; path = Pods_NHLSimulatorApp.framework; sourceTree = BUILT_PRODUCTS_DIR; };
		EBCDE8AE453D5AC66B0881FE /* Pods-NHLSimulatorAppTests.release.xcconfig */ = {isa = PBXFileReference; includeInIndex = 1; lastKnownFileType = text.xcconfig; name = "Pods-NHLSimulatorAppTests.release.xcconfig"; path = "../../Pods/Target Support Files/Pods-NHLSimulatorAppTests/Pods-NHLSimulatorAppTests.release.xcconfig"; sourceTree = "<group>"; };
		F3FF1C88140954CDD8311868 /* Pods-NHLSimulatorApp.debug.xcconfig */ = {isa = PBXFileReference; includeInIndex = 1; lastKnownFileType = text.xcconfig; name = "Pods-NHLSimulatorApp.debug.xcconfig"; path = "../../Pods/Target Support Files/Pods-NHLSimulatorApp/Pods-NHLSimulatorApp.debug.xcconfig"; sourceTree = "<group>"; };
/* End PBXFileReference section */

/* Begin PBXFrameworksBuildPhase section */
		48F539532C06D6A1008DAECE /* Frameworks */ = {
			isa = PBXFrameworksBuildPhase;
			buildActionMask = 2147483647;
			files = (
				431B81CDF2FE5435A3B307F6 /* Pods_NHLSimulatorApp.framework in Frameworks */,
			);
			runOnlyForDeploymentPostprocessing = 0;
		};
		48F539632C06D6A6008DAECE /* Frameworks */ = {
			isa = PBXFrameworksBuildPhase;
			buildActionMask = 2147483647;
			files = (
				96BF9E8A1F8AD010B47D9E47 /* Pods_NHLSimulatorAppTests.framework in Frameworks */,
			);
			runOnlyForDeploymentPostprocessing = 0;
		};
		48F5396D2C06D6A6008DAECE /* Frameworks */ = {
			isa = PBXFrameworksBuildPhase;
			buildActionMask = 2147483647;
			files = (
			);
			runOnlyForDeploymentPostprocessing = 0;
		};
/* End PBXFrameworksBuildPhase section */

/* Begin PBXGroup section */
		48DCF34B2C36402A0079AB67 /* Network */ = {
			isa = PBXGroup;
			children = (
				48DCF3572C3787270079AB67 /* Service */,
				48DCF3562C37871B0079AB67 /* Endpoint */,
				48DCF3552C3787140079AB67 /* Request */,
			);
			path = Network;
			sourceTree = "<group>";
		};
		48DCF3522C3780F70079AB67 /* Models */ = {
			isa = PBXGroup;
			children = (
				48DCF3532C37810A0079AB67 /* SimulationData.swift */,
				48DCF35A2C3787E40079AB67 /* UserData.swift */,
			);
			path = Models;
			sourceTree = "<group>";
		};
		48DCF3552C3787140079AB67 /* Request */ = {
			isa = PBXGroup;
			children = (
				48DCF3472C36230E0079AB67 /* NetworkManager.swift */,
			);
			path = Request;
			sourceTree = "<group>";
		};
		48DCF3562C37871B0079AB67 /* Endpoint */ = {
			isa = PBXGroup;
			children = (
				48DCF3492C3632DA0079AB67 /* Endpoint.swift */,
				48DCF3502C373EAD0079AB67 /* EndpointEnums.swift */,
			);
			path = Endpoint;
			sourceTree = "<group>";
		};
		48DCF3572C3787270079AB67 /* Service */ = {
			isa = PBXGroup;
			children = (
				48DCF34E2C373E5F0079AB67 /* SimulationsService.swift */,
				48DCF3582C3787D10079AB67 /* UsersService.swift */,
			);
			path = Service;
			sourceTree = "<group>";
		};
		48F5394D2C06D6A1008DAECE = {
			isa = PBXGroup;
			children = (
				48F539582C06D6A1008DAECE /* NHLSimulatorApp */,
				48F539692C06D6A6008DAECE /* NHLSimulatorAppTests */,
				48F539732C06D6A6008DAECE /* NHLSimulatorAppUITests */,
				48F539572C06D6A1008DAECE /* Products */,
				D294140068EB957061F278D1 /* Pods */,
				BCAB52668012879E11B0681A /* Frameworks */,
			);
			sourceTree = "<group>";
		};
		48F539572C06D6A1008DAECE /* Products */ = {
			isa = PBXGroup;
			children = (
				48F539562C06D6A1008DAECE /* NHLSimulatorApp.app */,
				48F539662C06D6A6008DAECE /* NHLSimulatorAppTests.xctest */,
				48F539702C06D6A6008DAECE /* NHLSimulatorAppUITests.xctest */,
			);
			name = Products;
			sourceTree = "<group>";
		};
		48F539582C06D6A1008DAECE /* NHLSimulatorApp */ = {
			isa = PBXGroup;
			children = (
				48DCF3522C3780F70079AB67 /* Models */,
				48DCF34B2C36402A0079AB67 /* Network */,
				48F539592C06D6A1008DAECE /* NHLSimulatorApp.swift */,
				48F5395B2C06D6A1008DAECE /* ContentView.swift */,
				48F5395D2C06D6A5008DAECE /* Assets.xcassets */,
				48F5395F2C06D6A5008DAECE /* Preview Content */,
			);
			path = NHLSimulatorApp;
			sourceTree = "<group>";
		};
		48F5395F2C06D6A5008DAECE /* Preview Content */ = {
			isa = PBXGroup;
			children = (
				48F539602C06D6A5008DAECE /* Preview Assets.xcassets */,
			);
			path = "Preview Content";
			sourceTree = "<group>";
		};
		48F539692C06D6A6008DAECE /* NHLSimulatorAppTests */ = {
			isa = PBXGroup;
			children = (
				48F5396A2C06D6A6008DAECE /* NHLSimulatorAppTests.swift */,
			);
			path = NHLSimulatorAppTests;
			sourceTree = "<group>";
		};
		48F539732C06D6A6008DAECE /* NHLSimulatorAppUITests */ = {
			isa = PBXGroup;
			children = (
				48F539742C06D6A6008DAECE /* NHLSimulatorAppUITests.swift */,
				48F539762C06D6A6008DAECE /* NHLSimulatorAppUITestsLaunchTests.swift */,
			);
			path = NHLSimulatorAppUITests;
			sourceTree = "<group>";
		};
		BCAB52668012879E11B0681A /* Frameworks */ = {
			isa = PBXGroup;
			children = (
				8E22CBCBB5260D4F63C09B8A /* Pods_NHLSimulatorApp.framework */,
				5E040B321F13CFD59C954923 /* Pods_NHLSimulatorAppTests.framework */,
			);
			name = Frameworks;
			sourceTree = "<group>";
		};
		D294140068EB957061F278D1 /* Pods */ = {
			isa = PBXGroup;
			children = (
				F3FF1C88140954CDD8311868 /* Pods-NHLSimulatorApp.debug.xcconfig */,
				6BFD4334678354D28991C365 /* Pods-NHLSimulatorApp.release.xcconfig */,
				67573A80799E4E329031C137 /* Pods-NHLSimulatorAppTests.debug.xcconfig */,
				EBCDE8AE453D5AC66B0881FE /* Pods-NHLSimulatorAppTests.release.xcconfig */,
			);
			path = Pods;
			sourceTree = "<group>";
		};
/* End PBXGroup section */

/* Begin PBXNativeTarget section */
		48F539552C06D6A1008DAECE /* NHLSimulatorApp */ = {
			isa = PBXNativeTarget;
			buildConfigurationList = 48F5397A2C06D6A6008DAECE /* Build configuration list for PBXNativeTarget "NHLSimulatorApp" */;
			buildPhases = (
				9B18C3E2EB1D563C4DB4CBC1 /* [CP] Check Pods Manifest.lock */,
				48F539522C06D6A1008DAECE /* Sources */,
				48F539532C06D6A1008DAECE /* Frameworks */,
				48F539542C06D6A1008DAECE /* Resources */,
				1C86DCE5AAC41D6BE3F9C0A4 /* [CP] Embed Pods Frameworks */,
			);
			buildRules = (
			);
			dependencies = (
			);
			name = NHLSimulatorApp;
			productName = NHLSimulatorApp;
			productReference = 48F539562C06D6A1008DAECE /* NHLSimulatorApp.app */;
			productType = "com.apple.product-type.application";
		};
		48F539652C06D6A6008DAECE /* NHLSimulatorAppTests */ = {
			isa = PBXNativeTarget;
			buildConfigurationList = 48F5397D2C06D6A6008DAECE /* Build configuration list for PBXNativeTarget "NHLSimulatorAppTests" */;
			buildPhases = (
				97F075B00749B563FE839D72 /* [CP] Check Pods Manifest.lock */,
				48F539622C06D6A6008DAECE /* Sources */,
				48F539632C06D6A6008DAECE /* Frameworks */,
				48F539642C06D6A6008DAECE /* Resources */,
			);
			buildRules = (
			);
			dependencies = (
				48F539682C06D6A6008DAECE /* PBXTargetDependency */,
			);
			name = NHLSimulatorAppTests;
			productName = NHLSimulatorAppTests;
			productReference = 48F539662C06D6A6008DAECE /* NHLSimulatorAppTests.xctest */;
			productType = "com.apple.product-type.bundle.unit-test";
		};
		48F5396F2C06D6A6008DAECE /* NHLSimulatorAppUITests */ = {
			isa = PBXNativeTarget;
			buildConfigurationList = 48F539802C06D6A6008DAECE /* Build configuration list for PBXNativeTarget "NHLSimulatorAppUITests" */;
			buildPhases = (
				48F5396C2C06D6A6008DAECE /* Sources */,
				48F5396D2C06D6A6008DAECE /* Frameworks */,
				48F5396E2C06D6A6008DAECE /* Resources */,
			);
			buildRules = (
			);
			dependencies = (
				48F539722C06D6A6008DAECE /* PBXTargetDependency */,
			);
			name = NHLSimulatorAppUITests;
			productName = NHLSimulatorAppUITests;
			productReference = 48F539702C06D6A6008DAECE /* NHLSimulatorAppUITests.xctest */;
			productType = "com.apple.product-type.bundle.ui-testing";
		};
/* End PBXNativeTarget section */

/* Begin PBXProject section */
		48F5394E2C06D6A1008DAECE /* Project object */ = {
			isa = PBXProject;
			attributes = {
				BuildIndependentTargetsInParallel = 1;
				LastSwiftUpdateCheck = 1430;
				LastUpgradeCheck = 1430;
				TargetAttributes = {
					48F539552C06D6A1008DAECE = {
						CreatedOnToolsVersion = 14.3.1;
					};
					48F539652C06D6A6008DAECE = {
						CreatedOnToolsVersion = 14.3.1;
						TestTargetID = 48F539552C06D6A1008DAECE;
					};
					48F5396F2C06D6A6008DAECE = {
						CreatedOnToolsVersion = 14.3.1;
						TestTargetID = 48F539552C06D6A1008DAECE;
					};
				};
			};
			buildConfigurationList = 48F539512C06D6A1008DAECE /* Build configuration list for PBXProject "NHLSimulatorApp" */;
			compatibilityVersion = "Xcode 14.0";
			developmentRegion = en;
			hasScannedForEncodings = 0;
			knownRegions = (
				en,
				Base,
			);
			mainGroup = 48F5394D2C06D6A1008DAECE;
			productRefGroup = 48F539572C06D6A1008DAECE /* Products */;
			projectDirPath = "";
			projectRoot = "";
			targets = (
				48F539552C06D6A1008DAECE /* NHLSimulatorApp */,
				48F539652C06D6A6008DAECE /* NHLSimulatorAppTests */,
				48F5396F2C06D6A6008DAECE /* NHLSimulatorAppUITests */,
			);
		};
/* End PBXProject section */

/* Begin PBXResourcesBuildPhase section */
		48F539542C06D6A1008DAECE /* Resources */ = {
			isa = PBXResourcesBuildPhase;
			buildActionMask = 2147483647;
			files = (
				48F539612C06D6A5008DAECE /* Preview Assets.xcassets in Resources */,
				48F5395E2C06D6A5008DAECE /* Assets.xcassets in Resources */,
			);
			runOnlyForDeploymentPostprocessing = 0;
		};
		48F539642C06D6A6008DAECE /* Resources */ = {
			isa = PBXResourcesBuildPhase;
			buildActionMask = 2147483647;
			files = (
			);
			runOnlyForDeploymentPostprocessing = 0;
		};
		48F5396E2C06D6A6008DAECE /* Resources */ = {
			isa = PBXResourcesBuildPhase;
			buildActionMask = 2147483647;
			files = (
			);
			runOnlyForDeploymentPostprocessing = 0;
		};
/* End PBXResourcesBuildPhase section */

/* Begin PBXShellScriptBuildPhase section */
		1C86DCE5AAC41D6BE3F9C0A4 /* [CP] Embed Pods Frameworks */ = {
			isa = PBXShellScriptBuildPhase;
			buildActionMask = 2147483647;
			files = (
			);
			inputFileListPaths = (
				"${PODS_ROOT}/Target Support Files/Pods-NHLSimulatorApp/Pods-NHLSimulatorApp-frameworks-${CONFIGURATION}-input-files.xcfilelist",
			);
			name = "[CP] Embed Pods Frameworks";
			outputFileListPaths = (
				"${PODS_ROOT}/Target Support Files/Pods-NHLSimulatorApp/Pods-NHLSimulatorApp-frameworks-${CONFIGURATION}-output-files.xcfilelist",
			);
			runOnlyForDeploymentPostprocessing = 0;
			shellPath = /bin/sh;
			shellScript = "\"${PODS_ROOT}/Target Support Files/Pods-NHLSimulatorApp/Pods-NHLSimulatorApp-frameworks.sh\"\n";
			showEnvVarsInLog = 0;
		};
		97F075B00749B563FE839D72 /* [CP] Check Pods Manifest.lock */ = {
			isa = PBXShellScriptBuildPhase;
			buildActionMask = 2147483647;
			files = (
			);
			inputFileListPaths = (
			);
			inputPaths = (
				"${PODS_PODFILE_DIR_PATH}/Podfile.lock",
				"${PODS_ROOT}/Manifest.lock",
			);
			name = "[CP] Check Pods Manifest.lock";
			outputFileListPaths = (
			);
			outputPaths = (
				"$(DERIVED_FILE_DIR)/Pods-NHLSimulatorAppTests-checkManifestLockResult.txt",
			);
			runOnlyForDeploymentPostprocessing = 0;
			shellPath = /bin/sh;
			shellScript = "diff \"${PODS_PODFILE_DIR_PATH}/Podfile.lock\" \"${PODS_ROOT}/Manifest.lock\" > /dev/null\nif [ $? != 0 ] ; then\n    # print error to STDERR\n    echo \"error: The sandbox is not in sync with the Podfile.lock. Run 'pod install' or update your CocoaPods installation.\" >&2\n    exit 1\nfi\n# This output is used by Xcode 'outputs' to avoid re-running this script phase.\necho \"SUCCESS\" > \"${SCRIPT_OUTPUT_FILE_0}\"\n";
			showEnvVarsInLog = 0;
		};
		9B18C3E2EB1D563C4DB4CBC1 /* [CP] Check Pods Manifest.lock */ = {
			isa = PBXShellScriptBuildPhase;
			buildActionMask = 2147483647;
			files = (
			);
			inputFileListPaths = (
			);
			inputPaths = (
				"${PODS_PODFILE_DIR_PATH}/Podfile.lock",
				"${PODS_ROOT}/Manifest.lock",
			);
			name = "[CP] Check Pods Manifest.lock";
			outputFileListPaths = (
			);
			outputPaths = (
				"$(DERIVED_FILE_DIR)/Pods-NHLSimulatorApp-checkManifestLockResult.txt",
			);
			runOnlyForDeploymentPostprocessing = 0;
			shellPath = /bin/sh;
			shellScript = "diff \"${PODS_PODFILE_DIR_PATH}/Podfile.lock\" \"${PODS_ROOT}/Manifest.lock\" > /dev/null\nif [ $? != 0 ] ; then\n    # print error to STDERR\n    echo \"error: The sandbox is not in sync with the Podfile.lock. Run 'pod install' or update your CocoaPods installation.\" >&2\n    exit 1\nfi\n# This output is used by Xcode 'outputs' to avoid re-running this script phase.\necho \"SUCCESS\" > \"${SCRIPT_OUTPUT_FILE_0}\"\n";
			showEnvVarsInLog = 0;
		};
/* End PBXShellScriptBuildPhase section */

/* Begin PBXSourcesBuildPhase section */
		48F539522C06D6A1008DAECE /* Sources */ = {
			isa = PBXSourcesBuildPhase;
			buildActionMask = 2147483647;
			files = (
				48DCF3592C3787D10079AB67 /* UsersService.swift in Sources */,
				48DCF3512C373EAD0079AB67 /* EndpointEnums.swift in Sources */,
				48DCF34F2C373E5F0079AB67 /* SimulationsService.swift in Sources */,
				48DCF3542C37810A0079AB67 /* SimulationData.swift in Sources */,
				48DCF35B2C3787E40079AB67 /* UserData.swift in Sources */,
				48DCF3482C36230E0079AB67 /* NetworkManager.swift in Sources */,
				48F5395C2C06D6A1008DAECE /* ContentView.swift in Sources */,
				48DCF34A2C3632DA0079AB67 /* Endpoint.swift in Sources */,
				48F5395A2C06D6A1008DAECE /* NHLSimulatorApp.swift in Sources */,
			);
			runOnlyForDeploymentPostprocessing = 0;
		};
		48F539622C06D6A6008DAECE /* Sources */ = {
			isa = PBXSourcesBuildPhase;
			buildActionMask = 2147483647;
			files = (
				48F5396B2C06D6A6008DAECE /* NHLSimulatorAppTests.swift in Sources */,
			);
			runOnlyForDeploymentPostprocessing = 0;
		};
		48F5396C2C06D6A6008DAECE /* Sources */ = {
			isa = PBXSourcesBuildPhase;
			buildActionMask = 2147483647;
			files = (
				48F539772C06D6A6008DAECE /* NHLSimulatorAppUITestsLaunchTests.swift in Sources */,
				48F539752C06D6A6008DAECE /* NHLSimulatorAppUITests.swift in Sources */,
			);
			runOnlyForDeploymentPostprocessing = 0;
		};
/* End PBXSourcesBuildPhase section */

/* Begin PBXTargetDependency section */
		48F539682C06D6A6008DAECE /* PBXTargetDependency */ = {
			isa = PBXTargetDependency;
			target = 48F539552C06D6A1008DAECE /* NHLSimulatorApp */;
			targetProxy = 48F539672C06D6A6008DAECE /* PBXContainerItemProxy */;
		};
		48F539722C06D6A6008DAECE /* PBXTargetDependency */ = {
			isa = PBXTargetDependency;
			target = 48F539552C06D6A1008DAECE /* NHLSimulatorApp */;
			targetProxy = 48F539712C06D6A6008DAECE /* PBXContainerItemProxy */;
		};
/* End PBXTargetDependency section */

/* Begin XCBuildConfiguration section */
		48F539782C06D6A6008DAECE /* Debug */ = {
			isa = XCBuildConfiguration;
			buildSettings = {
				ALWAYS_SEARCH_USER_PATHS = NO;
				CLANG_ANALYZER_NONNULL = YES;
				CLANG_ANALYZER_NUMBER_OBJECT_CONVERSION = YES_AGGRESSIVE;
				CLANG_CXX_LANGUAGE_STANDARD = "gnu++20";
				CLANG_ENABLE_MODULES = YES;
				CLANG_ENABLE_OBJC_ARC = YES;
				CLANG_ENABLE_OBJC_WEAK = YES;
				CLANG_WARN_BLOCK_CAPTURE_AUTORELEASING = YES;
				CLANG_WARN_BOOL_CONVERSION = YES;
				CLANG_WARN_COMMA = YES;
				CLANG_WARN_CONSTANT_CONVERSION = YES;
				CLANG_WARN_DEPRECATED_OBJC_IMPLEMENTATIONS = YES;
				CLANG_WARN_DIRECT_OBJC_ISA_USAGE = YES_ERROR;
				CLANG_WARN_DOCUMENTATION_COMMENTS = YES;
				CLANG_WARN_EMPTY_BODY = YES;
				CLANG_WARN_ENUM_CONVERSION = YES;
				CLANG_WARN_INFINITE_RECURSION = YES;
				CLANG_WARN_INT_CONVERSION = YES;
				CLANG_WARN_NON_LITERAL_NULL_CONVERSION = YES;
				CLANG_WARN_OBJC_IMPLICIT_RETAIN_SELF = YES;
				CLANG_WARN_OBJC_LITERAL_CONVERSION = YES;
				CLANG_WARN_OBJC_ROOT_CLASS = YES_ERROR;
				CLANG_WARN_QUOTED_INCLUDE_IN_FRAMEWORK_HEADER = YES;
				CLANG_WARN_RANGE_LOOP_ANALYSIS = YES;
				CLANG_WARN_STRICT_PROTOTYPES = YES;
				CLANG_WARN_SUSPICIOUS_MOVE = YES;
				CLANG_WARN_UNGUARDED_AVAILABILITY = YES_AGGRESSIVE;
				CLANG_WARN_UNREACHABLE_CODE = YES;
				CLANG_WARN__DUPLICATE_METHOD_MATCH = YES;
				COPY_PHASE_STRIP = NO;
				DEBUG_INFORMATION_FORMAT = dwarf;
				ENABLE_STRICT_OBJC_MSGSEND = YES;
				ENABLE_TESTABILITY = YES;
				GCC_C_LANGUAGE_STANDARD = gnu11;
				GCC_DYNAMIC_NO_PIC = NO;
				GCC_NO_COMMON_BLOCKS = YES;
				GCC_OPTIMIZATION_LEVEL = 0;
				GCC_PREPROCESSOR_DEFINITIONS = (
					"DEBUG=1",
					"$(inherited)",
				);
				GCC_WARN_64_TO_32_BIT_CONVERSION = YES;
				GCC_WARN_ABOUT_RETURN_TYPE = YES_ERROR;
				GCC_WARN_UNDECLARED_SELECTOR = YES;
				GCC_WARN_UNINITIALIZED_AUTOS = YES_AGGRESSIVE;
				GCC_WARN_UNUSED_FUNCTION = YES;
				GCC_WARN_UNUSED_VARIABLE = YES;
				IPHONEOS_DEPLOYMENT_TARGET = 16.4;
				MTL_ENABLE_DEBUG_INFO = INCLUDE_SOURCE;
				MTL_FAST_MATH = YES;
				ONLY_ACTIVE_ARCH = YES;
				SDKROOT = iphoneos;
				SWIFT_ACTIVE_COMPILATION_CONDITIONS = DEBUG;
				SWIFT_OPTIMIZATION_LEVEL = "-Onone";
			};
			name = Debug;
		};
		48F539792C06D6A6008DAECE /* Release */ = {
			isa = XCBuildConfiguration;
			buildSettings = {
				ALWAYS_SEARCH_USER_PATHS = NO;
				CLANG_ANALYZER_NONNULL = YES;
				CLANG_ANALYZER_NUMBER_OBJECT_CONVERSION = YES_AGGRESSIVE;
				CLANG_CXX_LANGUAGE_STANDARD = "gnu++20";
				CLANG_ENABLE_MODULES = YES;
				CLANG_ENABLE_OBJC_ARC = YES;
				CLANG_ENABLE_OBJC_WEAK = YES;
				CLANG_WARN_BLOCK_CAPTURE_AUTORELEASING = YES;
				CLANG_WARN_BOOL_CONVERSION = YES;
				CLANG_WARN_COMMA = YES;
				CLANG_WARN_CONSTANT_CONVERSION = YES;
				CLANG_WARN_DEPRECATED_OBJC_IMPLEMENTATIONS = YES;
				CLANG_WARN_DIRECT_OBJC_ISA_USAGE = YES_ERROR;
				CLANG_WARN_DOCUMENTATION_COMMENTS = YES;
				CLANG_WARN_EMPTY_BODY = YES;
				CLANG_WARN_ENUM_CONVERSION = YES;
				CLANG_WARN_INFINITE_RECURSION = YES;
				CLANG_WARN_INT_CONVERSION = YES;
				CLANG_WARN_NON_LITERAL_NULL_CONVERSION = YES;
				CLANG_WARN_OBJC_IMPLICIT_RETAIN_SELF = YES;
				CLANG_WARN_OBJC_LITERAL_CONVERSION = YES;
				CLANG_WARN_OBJC_ROOT_CLASS = YES_ERROR;
				CLANG_WARN_QUOTED_INCLUDE_IN_FRAMEWORK_HEADER = YES;
				CLANG_WARN_RANGE_LOOP_ANALYSIS = YES;
				CLANG_WARN_STRICT_PROTOTYPES = YES;
				CLANG_WARN_SUSPICIOUS_MOVE = YES;
				CLANG_WARN_UNGUARDED_AVAILABILITY = YES_AGGRESSIVE;
				CLANG_WARN_UNREACHABLE_CODE = YES;
				CLANG_WARN__DUPLICATE_METHOD_MATCH = YES;
				COPY_PHASE_STRIP = NO;
				DEBUG_INFORMATION_FORMAT = "dwarf-with-dsym";
				ENABLE_NS_ASSERTIONS = NO;
				ENABLE_STRICT_OBJC_MSGSEND = YES;
				GCC_C_LANGUAGE_STANDARD = gnu11;
				GCC_NO_COMMON_BLOCKS = YES;
				GCC_WARN_64_TO_32_BIT_CONVERSION = YES;
				GCC_WARN_ABOUT_RETURN_TYPE = YES_ERROR;
				GCC_WARN_UNDECLARED_SELECTOR = YES;
				GCC_WARN_UNINITIALIZED_AUTOS = YES_AGGRESSIVE;
				GCC_WARN_UNUSED_FUNCTION = YES;
				GCC_WARN_UNUSED_VARIABLE = YES;
				IPHONEOS_DEPLOYMENT_TARGET = 16.4;
				MTL_ENABLE_DEBUG_INFO = NO;
				MTL_FAST_MATH = YES;
				SDKROOT = iphoneos;
				SWIFT_COMPILATION_MODE = wholemodule;
				SWIFT_OPTIMIZATION_LEVEL = "-O";
				VALIDATE_PRODUCT = YES;
			};
			name = Release;
		};
		48F5397B2C06D6A6008DAECE /* Debug */ = {
			isa = XCBuildConfiguration;
			baseConfigurationReference = F3FF1C88140954CDD8311868 /* Pods-NHLSimulatorApp.debug.xcconfig */;
			buildSettings = {
				ASSETCATALOG_COMPILER_APPICON_NAME = AppIcon;
				ASSETCATALOG_COMPILER_GLOBAL_ACCENT_COLOR_NAME = AccentColor;
				CODE_SIGN_STYLE = Automatic;
				CURRENT_PROJECT_VERSION = 1;
				DEVELOPMENT_ASSET_PATHS = "\"NHLSimulatorApp/Preview Content\"";
				ENABLE_PREVIEWS = YES;
				GENERATE_INFOPLIST_FILE = YES;
				INFOPLIST_KEY_UIApplicationSceneManifest_Generation = YES;
				INFOPLIST_KEY_UIApplicationSupportsIndirectInputEvents = YES;
				INFOPLIST_KEY_UILaunchScreen_Generation = YES;
				INFOPLIST_KEY_UISupportedInterfaceOrientations_iPad = "UIInterfaceOrientationPortrait UIInterfaceOrientationPortraitUpsideDown UIInterfaceOrientationLandscapeLeft UIInterfaceOrientationLandscapeRight";
				INFOPLIST_KEY_UISupportedInterfaceOrientations_iPhone = "UIInterfaceOrientationPortrait UIInterfaceOrientationLandscapeLeft UIInterfaceOrientationLandscapeRight";
				LD_RUNPATH_SEARCH_PATHS = (
					"$(inherited)",
					"@executable_path/Frameworks",
				);
				MARKETING_VERSION = 1.0;
				PRODUCT_BUNDLE_IDENTIFIER = KevinWang.NHLSimulatorApp;
				PRODUCT_NAME = "$(TARGET_NAME)";
				SWIFT_EMIT_LOC_STRINGS = YES;
				SWIFT_VERSION = 5.0;
				TARGETED_DEVICE_FAMILY = "1,2";
			};
			name = Debug;
		};
		48F5397C2C06D6A6008DAECE /* Release */ = {
			isa = XCBuildConfiguration;
			baseConfigurationReference = 6BFD4334678354D28991C365 /* Pods-NHLSimulatorApp.release.xcconfig */;
			buildSettings = {
				ASSETCATALOG_COMPILER_APPICON_NAME = AppIcon;
				ASSETCATALOG_COMPILER_GLOBAL_ACCENT_COLOR_NAME = AccentColor;
				CODE_SIGN_STYLE = Automatic;
				CURRENT_PROJECT_VERSION = 1;
				DEVELOPMENT_ASSET_PATHS = "\"NHLSimulatorApp/Preview Content\"";
				ENABLE_PREVIEWS = YES;
				GENERATE_INFOPLIST_FILE = YES;
				INFOPLIST_KEY_UIApplicationSceneManifest_Generation = YES;
				INFOPLIST_KEY_UIApplicationSupportsIndirectInputEvents = YES;
				INFOPLIST_KEY_UILaunchScreen_Generation = YES;
				INFOPLIST_KEY_UISupportedInterfaceOrientations_iPad = "UIInterfaceOrientationPortrait UIInterfaceOrientationPortraitUpsideDown UIInterfaceOrientationLandscapeLeft UIInterfaceOrientationLandscapeRight";
				INFOPLIST_KEY_UISupportedInterfaceOrientations_iPhone = "UIInterfaceOrientationPortrait UIInterfaceOrientationLandscapeLeft UIInterfaceOrientationLandscapeRight";
				LD_RUNPATH_SEARCH_PATHS = (
					"$(inherited)",
					"@executable_path/Frameworks",
				);
				MARKETING_VERSION = 1.0;
				PRODUCT_BUNDLE_IDENTIFIER = KevinWang.NHLSimulatorApp;
				PRODUCT_NAME = "$(TARGET_NAME)";
				SWIFT_EMIT_LOC_STRINGS = YES;
				SWIFT_VERSION = 5.0;
				TARGETED_DEVICE_FAMILY = "1,2";
			};
			name = Release;
		};
		48F5397E2C06D6A6008DAECE /* Debug */ = {
			isa = XCBuildConfiguration;
			baseConfigurationReference = 67573A80799E4E329031C137 /* Pods-NHLSimulatorAppTests.debug.xcconfig */;
			buildSettings = {
				ALWAYS_EMBED_SWIFT_STANDARD_LIBRARIES = YES;
				BUNDLE_LOADER = "$(TEST_HOST)";
				CODE_SIGN_STYLE = Automatic;
				CURRENT_PROJECT_VERSION = 1;
				GENERATE_INFOPLIST_FILE = YES;
				IPHONEOS_DEPLOYMENT_TARGET = 16.4;
				MARKETING_VERSION = 1.0;
				PRODUCT_BUNDLE_IDENTIFIER = KevinWang.NHLSimulatorAppTests;
				PRODUCT_NAME = "$(TARGET_NAME)";
				SWIFT_EMIT_LOC_STRINGS = NO;
				SWIFT_VERSION = 5.0;
				TARGETED_DEVICE_FAMILY = "1,2";
				TEST_HOST = "$(BUILT_PRODUCTS_DIR)/NHLSimulatorApp.app/$(BUNDLE_EXECUTABLE_FOLDER_PATH)/NHLSimulatorApp";
			};
			name = Debug;
		};
		48F5397F2C06D6A6008DAECE /* Release */ = {
			isa = XCBuildConfiguration;
			baseConfigurationReference = EBCDE8AE453D5AC66B0881FE /* Pods-NHLSimulatorAppTests.release.xcconfig */;
			buildSettings = {
				ALWAYS_EMBED_SWIFT_STANDARD_LIBRARIES = YES;
				BUNDLE_LOADER = "$(TEST_HOST)";
				CODE_SIGN_STYLE = Automatic;
				CURRENT_PROJECT_VERSION = 1;
				GENERATE_INFOPLIST_FILE = YES;
				IPHONEOS_DEPLOYMENT_TARGET = 16.4;
				MARKETING_VERSION = 1.0;
				PRODUCT_BUNDLE_IDENTIFIER = KevinWang.NHLSimulatorAppTests;
				PRODUCT_NAME = "$(TARGET_NAME)";
				SWIFT_EMIT_LOC_STRINGS = NO;
				SWIFT_VERSION = 5.0;
				TARGETED_DEVICE_FAMILY = "1,2";
				TEST_HOST = "$(BUILT_PRODUCTS_DIR)/NHLSimulatorApp.app/$(BUNDLE_EXECUTABLE_FOLDER_PATH)/NHLSimulatorApp";
			};
			name = Release;
		};
		48F539812C06D6A6008DAECE /* Debug */ = {
			isa = XCBuildConfiguration;
			buildSettings = {
				ALWAYS_EMBED_SWIFT_STANDARD_LIBRARIES = YES;
				CODE_SIGN_STYLE = Automatic;
				CURRENT_PROJECT_VERSION = 1;
				GENERATE_INFOPLIST_FILE = YES;
				MARKETING_VERSION = 1.0;
				PRODUCT_BUNDLE_IDENTIFIER = KevinWang.NHLSimulatorAppUITests;
				PRODUCT_NAME = "$(TARGET_NAME)";
				SWIFT_EMIT_LOC_STRINGS = NO;
				SWIFT_VERSION = 5.0;
				TARGETED_DEVICE_FAMILY = "1,2";
				TEST_TARGET_NAME = NHLSimulatorApp;
			};
			name = Debug;
		};
		48F539822C06D6A6008DAECE /* Release */ = {
			isa = XCBuildConfiguration;
			buildSettings = {
				ALWAYS_EMBED_SWIFT_STANDARD_LIBRARIES = YES;
				CODE_SIGN_STYLE = Automatic;
				CURRENT_PROJECT_VERSION = 1;
				GENERATE_INFOPLIST_FILE = YES;
				MARKETING_VERSION = 1.0;
				PRODUCT_BUNDLE_IDENTIFIER = KevinWang.NHLSimulatorAppUITests;
				PRODUCT_NAME = "$(TARGET_NAME)";
				SWIFT_EMIT_LOC_STRINGS = NO;
				SWIFT_VERSION = 5.0;
				TARGETED_DEVICE_FAMILY = "1,2";
				TEST_TARGET_NAME = NHLSimulatorApp;
			};
			name = Release;
		};
/* End XCBuildConfiguration section */

/* Begin XCConfigurationList section */
		48F539512C06D6A1008DAECE /* Build configuration list for PBXProject "NHLSimulatorApp" */ = {
			isa = XCConfigurationList;
			buildConfigurations = (
				48F539782C06D6A6008DAECE /* Debug */,
				48F539792C06D6A6008DAECE /* Release */,
			);
			defaultConfigurationIsVisible = 0;
			defaultConfigurationName = Release;
		};
		48F5397A2C06D6A6008DAECE /* Build configuration list for PBXNativeTarget "NHLSimulatorApp" */ = {
			isa = XCConfigurationList;
			buildConfigurations = (
				48F5397B2C06D6A6008DAECE /* Debug */,
				48F5397C2C06D6A6008DAECE /* Release */,
			);
			defaultConfigurationIsVisible = 0;
			defaultConfigurationName = Release;
		};
		48F5397D2C06D6A6008DAECE /* Build configuration list for PBXNativeTarget "NHLSimulatorAppTests" */ = {
			isa = XCConfigurationList;
			buildConfigurations = (
				48F5397E2C06D6A6008DAECE /* Debug */,
				48F5397F2C06D6A6008DAECE /* Release */,
			);
			defaultConfigurationIsVisible = 0;
			defaultConfigurationName = Release;
		};
		48F539802C06D6A6008DAECE /* Build configuration list for PBXNativeTarget "NHLSimulatorAppUITests" */ = {
			isa = XCConfigurationList;
			buildConfigurations = (
				48F539812C06D6A6008DAECE /* Debug */,
				48F539822C06D6A6008DAECE /* Release */,
			);
			defaultConfigurationIsVisible = 0;
			defaultConfigurationName = Release;
		};
/* End XCConfigurationList section */
	};
	rootObject = 48F5394E2C06D6A1008DAECE /* Project object */;
}
